// !$*UTF8*$!
{
	archiveVersion = 1;
	classes = {
	};
	objectVersion = 56;
	objects = {

/* Begin PBXBuildFile section */
		A762E94F29C74E7000B23915 /* Mobile_project_iOSApp.swift in Sources */ = {isa = PBXBuildFile; fileRef = A762E94E29C74E7000B23915 /* Mobile_project_iOSApp.swift */; };
		A762E95129C74E7000B23915 /* MainView.swift in Sources */ = {isa = PBXBuildFile; fileRef = A762E95029C74E7000B23915 /* MainView.swift */; };
		A762E95329C74E7300B23915 /* Assets.xcassets in Resources */ = {isa = PBXBuildFile; fileRef = A762E95229C74E7300B23915 /* Assets.xcassets */; };
		A762E95629C74E7300B23915 /* Preview Assets.xcassets in Resources */ = {isa = PBXBuildFile; fileRef = A762E95529C74E7300B23915 /* Preview Assets.xcassets */; };
		A762E96729C7517D00B23915 /* DateFormatters.swift in Sources */ = {isa = PBXBuildFile; fileRef = A762E96329C7517D00B23915 /* DateFormatters.swift */; };
		A762E96829C7517D00B23915 /* StringTools.swift in Sources */ = {isa = PBXBuildFile; fileRef = A762E96429C7517D00B23915 /* StringTools.swift */; };
		A762E96929C7517D00B23915 /* ViewExtensions.swift in Sources */ = {isa = PBXBuildFile; fileRef = A762E96529C7517D00B23915 /* ViewExtensions.swift */; };
		A762E96A29C7517D00B23915 /* APITools.swift in Sources */ = {isa = PBXBuildFile; fileRef = A762E96629C7517D00B23915 /* APITools.swift */; };
		A762E96D29C751BC00B23915 /* AlertToast in Frameworks */ = {isa = PBXBuildFile; productRef = A762E96C29C751BC00B23915 /* AlertToast */; };
		A762E97029C751FA00B23915 /* GoogleSignIn in Frameworks */ = {isa = PBXBuildFile; productRef = A762E96F29C751FA00B23915 /* GoogleSignIn */; };
		A762E97229C751FA00B23915 /* GoogleSignInSwift in Frameworks */ = {isa = PBXBuildFile; productRef = A762E97129C751FA00B23915 /* GoogleSignInSwift */; };
		A762E97729C753DA00B23915 /* FirebaseAuth in Frameworks */ = {isa = PBXBuildFile; productRef = A762E97629C753DA00B23915 /* FirebaseAuth */; };
		A762E97929C7541B00B23915 /* AppDelegate.swift in Sources */ = {isa = PBXBuildFile; fileRef = A762E97829C7541B00B23915 /* AppDelegate.swift */; };
		A762E97B29C754BF00B23915 /* env.swift in Sources */ = {isa = PBXBuildFile; fileRef = A762E97A29C754BE00B23915 /* env.swift */; };
		A762E98029C7556C00B23915 /* README.md in Resources */ = {isa = PBXBuildFile; fileRef = A762E97C29C7556B00B23915 /* README.md */; };
		A762E98129C7556C00B23915 /* linecount.md in Resources */ = {isa = PBXBuildFile; fileRef = A762E97D29C7556B00B23915 /* linecount.md */; };
		A762E98229C7556C00B23915 /* .gitignore in Resources */ = {isa = PBXBuildFile; fileRef = A762E97E29C7556C00B23915 /* .gitignore */; };
		A762E98329C7556C00B23915 /* linecount.sh in Resources */ = {isa = PBXBuildFile; fileRef = A762E97F29C7556C00B23915 /* linecount.sh */; };
/* End PBXBuildFile section */

/* Begin PBXFileReference section */
		A762E94B29C74E7000B23915 /* Mobile-project-iOS.app */ = {isa = PBXFileReference; explicitFileType = wrapper.application; includeInIndex = 0; path = "Mobile-project-iOS.app"; sourceTree = BUILT_PRODUCTS_DIR; };
		A762E94E29C74E7000B23915 /* Mobile_project_iOSApp.swift */ = {isa = PBXFileReference; lastKnownFileType = sourcecode.swift; path = Mobile_project_iOSApp.swift; sourceTree = "<group>"; };
		A762E95029C74E7000B23915 /* MainView.swift */ = {isa = PBXFileReference; lastKnownFileType = sourcecode.swift; path = MainView.swift; sourceTree = "<group>"; };
		A762E95229C74E7300B23915 /* Assets.xcassets */ = {isa = PBXFileReference; lastKnownFileType = folder.assetcatalog; path = Assets.xcassets; sourceTree = "<group>"; };
		A762E95529C74E7300B23915 /* Preview Assets.xcassets */ = {isa = PBXFileReference; lastKnownFileType = folder.assetcatalog; path = "Preview Assets.xcassets"; sourceTree = "<group>"; };
		A762E96329C7517D00B23915 /* DateFormatters.swift */ = {isa = PBXFileReference; fileEncoding = 4; lastKnownFileType = sourcecode.swift; path = DateFormatters.swift; sourceTree = "<group>"; };
		A762E96429C7517D00B23915 /* StringTools.swift */ = {isa = PBXFileReference; fileEncoding = 4; lastKnownFileType = sourcecode.swift; path = StringTools.swift; sourceTree = "<group>"; };
		A762E96529C7517D00B23915 /* ViewExtensions.swift */ = {isa = PBXFileReference; fileEncoding = 4; lastKnownFileType = sourcecode.swift; path = ViewExtensions.swift; sourceTree = "<group>"; };
		A762E96629C7517D00B23915 /* APITools.swift */ = {isa = PBXFileReference; fileEncoding = 4; lastKnownFileType = sourcecode.swift; path = APITools.swift; sourceTree = "<group>"; };
		A762E97829C7541B00B23915 /* AppDelegate.swift */ = {isa = PBXFileReference; lastKnownFileType = sourcecode.swift; path = AppDelegate.swift; sourceTree = "<group>"; };
		A762E97A29C754BE00B23915 /* env.swift */ = {isa = PBXFileReference; fileEncoding = 4; lastKnownFileType = sourcecode.swift; path = env.swift; sourceTree = "<group>"; };
		A762E97C29C7556B00B23915 /* README.md */ = {isa = PBXFileReference; fileEncoding = 4; lastKnownFileType = net.daringfireball.markdown; path = README.md; sourceTree = "<group>"; };
		A762E97D29C7556B00B23915 /* linecount.md */ = {isa = PBXFileReference; fileEncoding = 4; lastKnownFileType = net.daringfireball.markdown; path = linecount.md; sourceTree = "<group>"; };
		A762E97E29C7556C00B23915 /* .gitignore */ = {isa = PBXFileReference; fileEncoding = 4; lastKnownFileType = text; path = .gitignore; sourceTree = "<group>"; };
		A762E97F29C7556C00B23915 /* linecount.sh */ = {isa = PBXFileReference; fileEncoding = 4; lastKnownFileType = text.script.sh; path = linecount.sh; sourceTree = "<group>"; };
/* End PBXFileReference section */

/* Begin PBXFrameworksBuildPhase section */
		A762E94829C74E7000B23915 /* Frameworks */ = {
			isa = PBXFrameworksBuildPhase;
			buildActionMask = 2147483647;
			files = (
				A762E97229C751FA00B23915 /* GoogleSignInSwift in Frameworks */,
				A762E96D29C751BC00B23915 /* AlertToast in Frameworks */,
				A762E97029C751FA00B23915 /* GoogleSignIn in Frameworks */,
				A762E97729C753DA00B23915 /* FirebaseAuth in Frameworks */,
			);
			runOnlyForDeploymentPostprocessing = 0;
		};
/* End PBXFrameworksBuildPhase section */

/* Begin PBXGroup section */
		A762E94229C74E7000B23915 = {
			isa = PBXGroup;
			children = (
				A762E97E29C7556C00B23915 /* .gitignore */,
				A762E97D29C7556B00B23915 /* linecount.md */,
				A762E97F29C7556C00B23915 /* linecount.sh */,
				A762E97C29C7556B00B23915 /* README.md */,
				A762E94D29C74E7000B23915 /* Mobile-project-iOS */,
				A762E94C29C74E7000B23915 /* Products */,
			);
			sourceTree = "<group>";
		};
		A762E94C29C74E7000B23915 /* Products */ = {
			isa = PBXGroup;
			children = (
				A762E94B29C74E7000B23915 /* Mobile-project-iOS.app */,
			);
			name = Products;
			sourceTree = "<group>";
		};
		A762E94D29C74E7000B23915 /* Mobile-project-iOS */ = {
			isa = PBXGroup;
			children = (
				A762E95229C74E7300B23915 /* Assets.xcassets */,
				A762E97A29C754BE00B23915 /* env.swift */,
				A762E94E29C74E7000B23915 /* Mobile_project_iOSApp.swift */,
				A762E97829C7541B00B23915 /* AppDelegate.swift */,
				A762E96029C7512500B23915 /* Components */,
				A762E95F29C7510D00B23915 /* DTOs */,
				A762E96229C7514400B23915 /* Enums */,
				A762E95E29C7510600B23915 /* Intents */,
				A762E95429C74E7300B23915 /* Preview Content */,
				A762E96129C7513000B23915 /* Tools */,
				A762E95D29C750EB00B23915 /* ViewModels */,
				A762E95C29C750DE00B23915 /* Views */,
			);
			path = "Mobile-project-iOS";
			sourceTree = "<group>";
		};
		A762E95429C74E7300B23915 /* Preview Content */ = {
			isa = PBXGroup;
			children = (
				A762E95529C74E7300B23915 /* Preview Assets.xcassets */,
			);
			path = "Preview Content";
			sourceTree = "<group>";
		};
		A762E95C29C750DE00B23915 /* Views */ = {
			isa = PBXGroup;
			children = (
				A762E95029C74E7000B23915 /* MainView.swift */,
			);
			path = Views;
			sourceTree = "<group>";
		};
		A762E95D29C750EB00B23915 /* ViewModels */ = {
			isa = PBXGroup;
			children = (
			);
			path = ViewModels;
			sourceTree = "<group>";
		};
		A762E95E29C7510600B23915 /* Intents */ = {
			isa = PBXGroup;
			children = (
			);
			path = Intents;
			sourceTree = "<group>";
		};
		A762E95F29C7510D00B23915 /* DTOs */ = {
			isa = PBXGroup;
			children = (
			);
			path = DTOs;
			sourceTree = "<group>";
		};
		A762E96029C7512500B23915 /* Components */ = {
			isa = PBXGroup;
			children = (
			);
			path = Components;
			sourceTree = "<group>";
		};
		A762E96129C7513000B23915 /* Tools */ = {
			isa = PBXGroup;
			children = (
				A762E96629C7517D00B23915 /* APITools.swift */,
				A762E96329C7517D00B23915 /* DateFormatters.swift */,
				A762E96429C7517D00B23915 /* StringTools.swift */,
				A762E96529C7517D00B23915 /* ViewExtensions.swift */,
			);
			path = Tools;
			sourceTree = "<group>";
		};
		A762E96229C7514400B23915 /* Enums */ = {
			isa = PBXGroup;
			children = (
			);
			path = Enums;
			sourceTree = "<group>";
		};
/* End PBXGroup section */

/* Begin PBXNativeTarget section */
		A762E94A29C74E7000B23915 /* Mobile-project-iOS */ = {
			isa = PBXNativeTarget;
			buildConfigurationList = A762E95929C74E7300B23915 /* Build configuration list for PBXNativeTarget "Mobile-project-iOS" */;
			buildPhases = (
				A762E94729C74E7000B23915 /* Sources */,
				A762E94829C74E7000B23915 /* Frameworks */,
				A762E94929C74E7000B23915 /* Resources */,
			);
			buildRules = (
			);
			dependencies = (
			);
			name = "Mobile-project-iOS";
			packageProductDependencies = (
				A762E96C29C751BC00B23915 /* AlertToast */,
				A762E96F29C751FA00B23915 /* GoogleSignIn */,
				A762E97129C751FA00B23915 /* GoogleSignInSwift */,
				A762E97629C753DA00B23915 /* FirebaseAuth */,
			);
			productName = "mobile-project-iOS";
			productReference = A762E94B29C74E7000B23915 /* Mobile-project-iOS.app */;
			productType = "com.apple.product-type.application";
		};
/* End PBXNativeTarget section */

/* Begin PBXProject section */
		A762E94329C74E7000B23915 /* Project object */ = {
			isa = PBXProject;
			attributes = {
				BuildIndependentTargetsInParallel = 1;
				LastSwiftUpdateCheck = 1420;
				LastUpgradeCheck = 1420;
				TargetAttributes = {
					A762E94A29C74E7000B23915 = {
						CreatedOnToolsVersion = 14.2;
					};
				};
			};
			buildConfigurationList = A762E94629C74E7000B23915 /* Build configuration list for PBXProject "Mobile-project-iOS" */;
			compatibilityVersion = "Xcode 14.0";
			developmentRegion = en;
			hasScannedForEncodings = 0;
			knownRegions = (
				en,
				Base,
			);
			mainGroup = A762E94229C74E7000B23915;
			packageReferences = (
				A762E96B29C751BC00B23915 /* XCRemoteSwiftPackageReference "AlertToast" */,
				A762E96E29C751FA00B23915 /* XCRemoteSwiftPackageReference "GoogleSignIn-iOS" */,
				A762E97529C753DA00B23915 /* XCRemoteSwiftPackageReference "firebase-ios-sdk" */,
			);
			productRefGroup = A762E94C29C74E7000B23915 /* Products */;
			projectDirPath = "";
			projectRoot = "";
			targets = (
				A762E94A29C74E7000B23915 /* Mobile-project-iOS */,
			);
		};
/* End PBXProject section */

/* Begin PBXResourcesBuildPhase section */
		A762E94929C74E7000B23915 /* Resources */ = {
			isa = PBXResourcesBuildPhase;
			buildActionMask = 2147483647;
			files = (
				A762E98129C7556C00B23915 /* linecount.md in Resources */,
				A762E95629C74E7300B23915 /* Preview Assets.xcassets in Resources */,
				A762E95329C74E7300B23915 /* Assets.xcassets in Resources */,
				A762E98029C7556C00B23915 /* README.md in Resources */,
				A762E98229C7556C00B23915 /* .gitignore in Resources */,
				A762E98329C7556C00B23915 /* linecount.sh in Resources */,
			);
			runOnlyForDeploymentPostprocessing = 0;
		};
/* End PBXResourcesBuildPhase section */

/* Begin PBXSourcesBuildPhase section */
		A762E94729C74E7000B23915 /* Sources */ = {
			isa = PBXSourcesBuildPhase;
			buildActionMask = 2147483647;
			files = (
				A762E96829C7517D00B23915 /* StringTools.swift in Sources */,
				A762E96729C7517D00B23915 /* DateFormatters.swift in Sources */,
				A762E95129C74E7000B23915 /* MainView.swift in Sources */,
				A762E96929C7517D00B23915 /* ViewExtensions.swift in Sources */,
				A762E97929C7541B00B23915 /* AppDelegate.swift in Sources */,
				A762E97B29C754BF00B23915 /* env.swift in Sources */,
				A762E96A29C7517D00B23915 /* APITools.swift in Sources */,
				A762E94F29C74E7000B23915 /* Mobile_project_iOSApp.swift in Sources */,
			);
			runOnlyForDeploymentPostprocessing = 0;
		};
/* End PBXSourcesBuildPhase section */

/* Begin XCBuildConfiguration section */
		A762E95729C74E7300B23915 /* Debug */ = {
			isa = XCBuildConfiguration;
			buildSettings = {
				ALWAYS_SEARCH_USER_PATHS = NO;
				CLANG_ANALYZER_NONNULL = YES;
				CLANG_ANALYZER_NUMBER_OBJECT_CONVERSION = YES_AGGRESSIVE;
				CLANG_CXX_LANGUAGE_STANDARD = "gnu++20";
				CLANG_ENABLE_MODULES = YES;
				CLANG_ENABLE_OBJC_ARC = YES;
				CLANG_ENABLE_OBJC_WEAK = YES;
				CLANG_WARN_BLOCK_CAPTURE_AUTORELEASING = YES;
				CLANG_WARN_BOOL_CONVERSION = YES;
				CLANG_WARN_COMMA = YES;
				CLANG_WARN_CONSTANT_CONVERSION = YES;
				CLANG_WARN_DEPRECATED_OBJC_IMPLEMENTATIONS = YES;
				CLANG_WARN_DIRECT_OBJC_ISA_USAGE = YES_ERROR;
				CLANG_WARN_DOCUMENTATION_COMMENTS = YES;
				CLANG_WARN_EMPTY_BODY = YES;
				CLANG_WARN_ENUM_CONVERSION = YES;
				CLANG_WARN_INFINITE_RECURSION = YES;
				CLANG_WARN_INT_CONVERSION = YES;
				CLANG_WARN_NON_LITERAL_NULL_CONVERSION = YES;
				CLANG_WARN_OBJC_IMPLICIT_RETAIN_SELF = YES;
				CLANG_WARN_OBJC_LITERAL_CONVERSION = YES;
				CLANG_WARN_OBJC_ROOT_CLASS = YES_ERROR;
				CLANG_WARN_QUOTED_INCLUDE_IN_FRAMEWORK_HEADER = YES;
				CLANG_WARN_RANGE_LOOP_ANALYSIS = YES;
				CLANG_WARN_STRICT_PROTOTYPES = YES;
				CLANG_WARN_SUSPICIOUS_MOVE = YES;
				CLANG_WARN_UNGUARDED_AVAILABILITY = YES_AGGRESSIVE;
				CLANG_WARN_UNREACHABLE_CODE = YES;
				CLANG_WARN__DUPLICATE_METHOD_MATCH = YES;
				COPY_PHASE_STRIP = NO;
				DEBUG_INFORMATION_FORMAT = dwarf;
				ENABLE_STRICT_OBJC_MSGSEND = YES;
				ENABLE_TESTABILITY = YES;
				GCC_C_LANGUAGE_STANDARD = gnu11;
				GCC_DYNAMIC_NO_PIC = NO;
				GCC_NO_COMMON_BLOCKS = YES;
				GCC_OPTIMIZATION_LEVEL = 0;
				GCC_PREPROCESSOR_DEFINITIONS = (
					"DEBUG=1",
					"$(inherited)",
				);
				GCC_WARN_64_TO_32_BIT_CONVERSION = YES;
				GCC_WARN_ABOUT_RETURN_TYPE = YES_ERROR;
				GCC_WARN_UNDECLARED_SELECTOR = YES;
				GCC_WARN_UNINITIALIZED_AUTOS = YES_AGGRESSIVE;
				GCC_WARN_UNUSED_FUNCTION = YES;
				GCC_WARN_UNUSED_VARIABLE = YES;
				IPHONEOS_DEPLOYMENT_TARGET = 16.2;
				MTL_ENABLE_DEBUG_INFO = INCLUDE_SOURCE;
				MTL_FAST_MATH = YES;
				ONLY_ACTIVE_ARCH = YES;
				SDKROOT = iphoneos;
				SWIFT_ACTIVE_COMPILATION_CONDITIONS = DEBUG;
				SWIFT_OPTIMIZATION_LEVEL = "-Onone";
			};
			name = Debug;
		};
		A762E95829C74E7300B23915 /* Release */ = {
			isa = XCBuildConfiguration;
			buildSettings = {
				ALWAYS_SEARCH_USER_PATHS = NO;
				CLANG_ANALYZER_NONNULL = YES;
				CLANG_ANALYZER_NUMBER_OBJECT_CONVERSION = YES_AGGRESSIVE;
				CLANG_CXX_LANGUAGE_STANDARD = "gnu++20";
				CLANG_ENABLE_MODULES = YES;
				CLANG_ENABLE_OBJC_ARC = YES;
				CLANG_ENABLE_OBJC_WEAK = YES;
				CLANG_WARN_BLOCK_CAPTURE_AUTORELEASING = YES;
				CLANG_WARN_BOOL_CONVERSION = YES;
				CLANG_WARN_COMMA = YES;
				CLANG_WARN_CONSTANT_CONVERSION = YES;
				CLANG_WARN_DEPRECATED_OBJC_IMPLEMENTATIONS = YES;
				CLANG_WARN_DIRECT_OBJC_ISA_USAGE = YES_ERROR;
				CLANG_WARN_DOCUMENTATION_COMMENTS = YES;
				CLANG_WARN_EMPTY_BODY = YES;
				CLANG_WARN_ENUM_CONVERSION = YES;
				CLANG_WARN_INFINITE_RECURSION = YES;
				CLANG_WARN_INT_CONVERSION = YES;
				CLANG_WARN_NON_LITERAL_NULL_CONVERSION = YES;
				CLANG_WARN_OBJC_IMPLICIT_RETAIN_SELF = YES;
				CLANG_WARN_OBJC_LITERAL_CONVERSION = YES;
				CLANG_WARN_OBJC_ROOT_CLASS = YES_ERROR;
				CLANG_WARN_QUOTED_INCLUDE_IN_FRAMEWORK_HEADER = YES;
				CLANG_WARN_RANGE_LOOP_ANALYSIS = YES;
				CLANG_WARN_STRICT_PROTOTYPES = YES;
				CLANG_WARN_SUSPICIOUS_MOVE = YES;
				CLANG_WARN_UNGUARDED_AVAILABILITY = YES_AGGRESSIVE;
				CLANG_WARN_UNREACHABLE_CODE = YES;
				CLANG_WARN__DUPLICATE_METHOD_MATCH = YES;
				COPY_PHASE_STRIP = NO;
				DEBUG_INFORMATION_FORMAT = "dwarf-with-dsym";
				ENABLE_NS_ASSERTIONS = NO;
				ENABLE_STRICT_OBJC_MSGSEND = YES;
				GCC_C_LANGUAGE_STANDARD = gnu11;
				GCC_NO_COMMON_BLOCKS = YES;
				GCC_WARN_64_TO_32_BIT_CONVERSION = YES;
				GCC_WARN_ABOUT_RETURN_TYPE = YES_ERROR;
				GCC_WARN_UNDECLARED_SELECTOR = YES;
				GCC_WARN_UNINITIALIZED_AUTOS = YES_AGGRESSIVE;
				GCC_WARN_UNUSED_FUNCTION = YES;
				GCC_WARN_UNUSED_VARIABLE = YES;
				IPHONEOS_DEPLOYMENT_TARGET = 16.2;
				MTL_ENABLE_DEBUG_INFO = NO;
				MTL_FAST_MATH = YES;
				SDKROOT = iphoneos;
				SWIFT_COMPILATION_MODE = wholemodule;
				SWIFT_OPTIMIZATION_LEVEL = "-O";
				VALIDATE_PRODUCT = YES;
			};
			name = Release;
		};
		A762E95A29C74E7300B23915 /* Debug */ = {
			isa = XCBuildConfiguration;
			buildSettings = {
				ASSETCATALOG_COMPILER_APPICON_NAME = AppIcon;
				ASSETCATALOG_COMPILER_GLOBAL_ACCENT_COLOR_NAME = AccentColor;
				CODE_SIGN_STYLE = Automatic;
				CURRENT_PROJECT_VERSION = 1;
				DEVELOPMENT_ASSET_PATHS = "\"mobile-project-iOS/Preview Content\"";
				DEVELOPMENT_TEAM = YG79M39LQ2;
				ENABLE_PREVIEWS = YES;
				GENERATE_INFOPLIST_FILE = YES;
				INFOPLIST_KEY_CFBundleDisplayName = "Festival App";
				INFOPLIST_KEY_UIApplicationSceneManifest_Generation = YES;
				INFOPLIST_KEY_UIApplicationSupportsIndirectInputEvents = YES;
				INFOPLIST_KEY_UILaunchScreen_Generation = YES;
				INFOPLIST_KEY_UISupportedInterfaceOrientations_iPad = "UIInterfaceOrientationPortrait UIInterfaceOrientationPortraitUpsideDown UIInterfaceOrientationLandscapeLeft UIInterfaceOrientationLandscapeRight";
				INFOPLIST_KEY_UISupportedInterfaceOrientations_iPhone = "UIInterfaceOrientationPortrait UIInterfaceOrientationLandscapeLeft UIInterfaceOrientationLandscapeRight";
				LD_RUNPATH_SEARCH_PATHS = (
					"$(inherited)",
					"@executable_path/Frameworks",
				);
				MARKETING_VERSION = 1.0;
				PRODUCT_BUNDLE_IDENTIFIER = "polytech.frezier.hermet.mobile-project-iOS";
				PRODUCT_NAME = "$(TARGET_NAME)";
				SWIFT_EMIT_LOC_STRINGS = YES;
				SWIFT_VERSION = 5.0;
				TARGETED_DEVICE_FAMILY = "1,2";
			};
			name = Debug;
		};
		A762E95B29C74E7300B23915 /* Release */ = {
			isa = XCBuildConfiguration;
			buildSettings = {
				ASSETCATALOG_COMPILER_APPICON_NAME = AppIcon;
				ASSETCATALOG_COMPILER_GLOBAL_ACCENT_COLOR_NAME = AccentColor;
				CODE_SIGN_STYLE = Automatic;
				CURRENT_PROJECT_VERSION = 1;
				DEVELOPMENT_ASSET_PATHS = "\"mobile-project-iOS/Preview Content\"";
				DEVELOPMENT_TEAM = YG79M39LQ2;
				ENABLE_PREVIEWS = YES;
				GENERATE_INFOPLIST_FILE = YES;
				INFOPLIST_KEY_CFBundleDisplayName = "Festival App";
				INFOPLIST_KEY_UIApplicationSceneManifest_Generation = YES;
				INFOPLIST_KEY_UIApplicationSupportsIndirectInputEvents = YES;
				INFOPLIST_KEY_UILaunchScreen_Generation = YES;
				INFOPLIST_KEY_UISupportedInterfaceOrientations_iPad = "UIInterfaceOrientationPortrait UIInterfaceOrientationPortraitUpsideDown UIInterfaceOrientationLandscapeLeft UIInterfaceOrientationLandscapeRight";
				INFOPLIST_KEY_UISupportedInterfaceOrientations_iPhone = "UIInterfaceOrientationPortrait UIInterfaceOrientationLandscapeLeft UIInterfaceOrientationLandscapeRight";
				LD_RUNPATH_SEARCH_PATHS = (
					"$(inherited)",
					"@executable_path/Frameworks",
				);
				MARKETING_VERSION = 1.0;
				PRODUCT_BUNDLE_IDENTIFIER = "polytech.frezier.hermet.mobile-project-iOS";
				PRODUCT_NAME = "$(TARGET_NAME)";
				SWIFT_EMIT_LOC_STRINGS = YES;
				SWIFT_VERSION = 5.0;
				TARGETED_DEVICE_FAMILY = "1,2";
			};
			name = Release;
		};
/* End XCBuildConfiguration section */

/* Begin XCConfigurationList section */
		A762E94629C74E7000B23915 /* Build configuration list for PBXProject "Mobile-project-iOS" */ = {
			isa = XCConfigurationList;
			buildConfigurations = (
				A762E95729C74E7300B23915 /* Debug */,
				A762E95829C74E7300B23915 /* Release */,
			);
			defaultConfigurationIsVisible = 0;
			defaultConfigurationName = Release;
		};
		A762E95929C74E7300B23915 /* Build configuration list for PBXNativeTarget "Mobile-project-iOS" */ = {
			isa = XCConfigurationList;
			buildConfigurations = (
				A762E95A29C74E7300B23915 /* Debug */,
				A762E95B29C74E7300B23915 /* Release */,
			);
			defaultConfigurationIsVisible = 0;
			defaultConfigurationName = Release;
		};
/* End XCConfigurationList section */

/* Begin XCRemoteSwiftPackageReference section */
		A762E96B29C751BC00B23915 /* XCRemoteSwiftPackageReference "AlertToast" */ = {
			isa = XCRemoteSwiftPackageReference;
			repositoryURL = "https://github.com/elai950/AlertToast.git";
			requirement = {
				kind = upToNextMajorVersion;
				minimumVersion = 1.0.0;
			};
		};
		A762E96E29C751FA00B23915 /* XCRemoteSwiftPackageReference "GoogleSignIn-iOS" */ = {
			isa = XCRemoteSwiftPackageReference;
			repositoryURL = "https://github.com/google/GoogleSignIn-iOS";
			requirement = {
				branch = main;
				kind = branch;
			};
		};
		A762E97529C753DA00B23915 /* XCRemoteSwiftPackageReference "firebase-ios-sdk" */ = {
			isa = XCRemoteSwiftPackageReference;
			repositoryURL = "https://github.com/firebase/firebase-ios-sdk";
			requirement = {
				branch = master;
				kind = branch;
			};
		};
/* End XCRemoteSwiftPackageReference section */

/* Begin XCSwiftPackageProductDependency section */
		A762E96C29C751BC00B23915 /* AlertToast */ = {
			isa = XCSwiftPackageProductDependency;
			package = A762E96B29C751BC00B23915 /* XCRemoteSwiftPackageReference "AlertToast" */;
			productName = AlertToast;
		};
		A762E96F29C751FA00B23915 /* GoogleSignIn */ = {
			isa = XCSwiftPackageProductDependency;
			package = A762E96E29C751FA00B23915 /* XCRemoteSwiftPackageReference "GoogleSignIn-iOS" */;
			productName = GoogleSignIn;
		};
		A762E97129C751FA00B23915 /* GoogleSignInSwift */ = {
			isa = XCSwiftPackageProductDependency;
			package = A762E96E29C751FA00B23915 /* XCRemoteSwiftPackageReference "GoogleSignIn-iOS" */;
			productName = GoogleSignInSwift;
		};
		A762E97629C753DA00B23915 /* FirebaseAuth */ = {
			isa = XCSwiftPackageProductDependency;
			package = A762E97529C753DA00B23915 /* XCRemoteSwiftPackageReference "firebase-ios-sdk" */;
			productName = FirebaseAuth;
		};
/* End XCSwiftPackageProductDependency section */
	};
	rootObject = A762E94329C74E7000B23915 /* Project object */;
}
