// !$*UTF8*$!
{
	archiveVersion = 1;
	classes = {
	};
	objectVersion = 56;
	objects = {

/* Begin PBXBuildFile section */
		A70612D429CD9E9500DAC658 /* AddDayView.swift in Sources */ = {isa = PBXBuildFile; fileRef = A70612D329CD9E9500DAC658 /* AddDayView.swift */; };
		A70612D629CDE34300DAC658 /* EmptyArrayPlaceholder.swift in Sources */ = {isa = PBXBuildFile; fileRef = A70612D529CDE34300DAC658 /* EmptyArrayPlaceholder.swift */; };
		A70612D929CE0B3C00DAC658 /* MyFestivalView.swift in Sources */ = {isa = PBXBuildFile; fileRef = A70612D829CE0B3C00DAC658 /* MyFestivalView.swift */; };
		A70612DB29CE0C7F00DAC658 /* ChooseFestivalView.swift in Sources */ = {isa = PBXBuildFile; fileRef = A70612DA29CE0C7F00DAC658 /* ChooseFestivalView.swift */; };
		A708337D29C99E11002C4CFE /* VolunteersListView.swift in Sources */ = {isa = PBXBuildFile; fileRef = A708337C29C99E11002C4CFE /* VolunteersListView.swift */; };
		A708337F29C99E2E002C4CFE /* VolunteerDetailView.swift in Sources */ = {isa = PBXBuildFile; fileRef = A708337E29C99E2E002C4CFE /* VolunteerDetailView.swift */; };
		A708338229C99E7A002C4CFE /* VolunteerListViewModel.swift in Sources */ = {isa = PBXBuildFile; fileRef = A708338129C99E7A002C4CFE /* VolunteerListViewModel.swift */; };
		A708338429C99E90002C4CFE /* VolunteerViewModel.swift in Sources */ = {isa = PBXBuildFile; fileRef = A708338329C99E90002C4CFE /* VolunteerViewModel.swift */; };
		A708338729C9A140002C4CFE /* VolunteerListIntent.swift in Sources */ = {isa = PBXBuildFile; fileRef = A708338629C9A140002C4CFE /* VolunteerListIntent.swift */; };
		A71608EA29CCC55C0045B122 /* DayDetailView.swift in Sources */ = {isa = PBXBuildFile; fileRef = A71608E929CCC55C0045B122 /* DayDetailView.swift */; };
		A71608EC29CCCAAB0045B122 /* UpdateDayView.swift in Sources */ = {isa = PBXBuildFile; fileRef = A71608EB29CCCAAB0045B122 /* UpdateDayView.swift */; };
		A723AF8729CB23A900EEAD5D /* VolunteerIntent.swift in Sources */ = {isa = PBXBuildFile; fileRef = A723AF8629CB23A900EEAD5D /* VolunteerIntent.swift */; };
		A723AF9129CB663C00EEAD5D /* AvailableSlotsListView.swift in Sources */ = {isa = PBXBuildFile; fileRef = A723AF9029CB663C00EEAD5D /* AvailableSlotsListView.swift */; };
		A723AF9429CB669100EEAD5D /* SlotsDetailedListIntent.swift in Sources */ = {isa = PBXBuildFile; fileRef = A723AF9329CB669100EEAD5D /* SlotsDetailedListIntent.swift */; };
		A723AF9829CB7D4400EEAD5D /* ZonesListViewModel.swift in Sources */ = {isa = PBXBuildFile; fileRef = A723AF9629CB7D4400EEAD5D /* ZonesListViewModel.swift */; };
		A723AF9929CB7D4400EEAD5D /* ZoneViewModel.swift in Sources */ = {isa = PBXBuildFile; fileRef = A723AF9729CB7D4400EEAD5D /* ZoneViewModel.swift */; };
		A723AF9C29CB7F0100EEAD5D /* ZonesListIntent.swift in Sources */ = {isa = PBXBuildFile; fileRef = A723AF9B29CB7F0100EEAD5D /* ZonesListIntent.swift */; };
		A723AFA129CBA3A000EEAD5D /* FestivalAddView.swift in Sources */ = {isa = PBXBuildFile; fileRef = A723AF9E29CBA3A000EEAD5D /* FestivalAddView.swift */; };
		A723AFA229CBA3A000EEAD5D /* FestivalDetailView.swift in Sources */ = {isa = PBXBuildFile; fileRef = A723AF9F29CBA3A000EEAD5D /* FestivalDetailView.swift */; };
		A723AFA329CBA3A000EEAD5D /* FestivalsListView.swift in Sources */ = {isa = PBXBuildFile; fileRef = A723AFA029CBA3A000EEAD5D /* FestivalsListView.swift */; };
		A73ACFDC29CF5A070010B1E4 /* MyFestivalDaysListView.swift in Sources */ = {isa = PBXBuildFile; fileRef = A73ACFDB29CF5A070010B1E4 /* MyFestivalDaysListView.swift */; };
		A73ACFE029CF5A2B0010B1E4 /* MyFestivalZonesListView.swift in Sources */ = {isa = PBXBuildFile; fileRef = A73ACFDF29CF5A2B0010B1E4 /* MyFestivalZonesListView.swift */; };
		A73ACFE329CF62630010B1E4 /* MyActivityView.swift in Sources */ = {isa = PBXBuildFile; fileRef = A73ACFE229CF62630010B1E4 /* MyActivityView.swift */; };
		A73ACFE729CF65B30010B1E4 /* MyAssignmentsListView.swift in Sources */ = {isa = PBXBuildFile; fileRef = A73ACFE629CF65B30010B1E4 /* MyAssignmentsListView.swift */; };
		A73ACFEA29CF68580010B1E4 /* SlotDetailedViewModel.swift in Sources */ = {isa = PBXBuildFile; fileRef = A73ACFE829CF68580010B1E4 /* SlotDetailedViewModel.swift */; };
		A73ACFEB29CF68580010B1E4 /* SlotsDetailedListViewModel.swift in Sources */ = {isa = PBXBuildFile; fileRef = A73ACFE929CF68580010B1E4 /* SlotsDetailedListViewModel.swift */; };
		A752AB6B29C77D3C00CF4E38 /* VolunteerDTO.swift in Sources */ = {isa = PBXBuildFile; fileRef = A752AB6A29C77D3C00CF4E38 /* VolunteerDTO.swift */; };
		A752AB7229C7893300CF4E38 /* APIErrors.swift in Sources */ = {isa = PBXBuildFile; fileRef = A752AB6F29C7893200CF4E38 /* APIErrors.swift */; };
		A752AB7329C7893300CF4E38 /* SortOptions.swift in Sources */ = {isa = PBXBuildFile; fileRef = A752AB7029C7893200CF4E38 /* SortOptions.swift */; };
		A752AB7429C7893300CF4E38 /* APIStates.swift in Sources */ = {isa = PBXBuildFile; fileRef = A752AB7129C7893300CF4E38 /* APIStates.swift */; };
		A75DE66729CF6FC200D91113 /* MyAvailabilitiesListView.swift in Sources */ = {isa = PBXBuildFile; fileRef = A75DE66629CF6FC200D91113 /* MyAvailabilitiesListView.swift */; };
		A75DE66929CF712B00D91113 /* AddAvailabilityView.swift in Sources */ = {isa = PBXBuildFile; fileRef = A75DE66829CF712B00D91113 /* AddAvailabilityView.swift */; };
		A75DE66D29D038EB00D91113 /* SlotsListViewModel.swift in Sources */ = {isa = PBXBuildFile; fileRef = A75DE66C29D038EB00D91113 /* SlotsListViewModel.swift */; };
		A75DE66F29D0390300D91113 /* SlotViewModel.swift in Sources */ = {isa = PBXBuildFile; fileRef = A75DE66E29D0390300D91113 /* SlotViewModel.swift */; };
		A75DE67129D03A9000D91113 /* SlotListIntent.swift in Sources */ = {isa = PBXBuildFile; fileRef = A75DE67029D03A9000D91113 /* SlotListIntent.swift */; };
		A75DE67329D07C0000D91113 /* AssignmentDetailView.swift in Sources */ = {isa = PBXBuildFile; fileRef = A75DE67229D07C0000D91113 /* AssignmentDetailView.swift */; };
		A75DE67529D08E1400D91113 /* SlotIntent.swift in Sources */ = {isa = PBXBuildFile; fileRef = A75DE67429D08E1400D91113 /* SlotIntent.swift */; };
		A75DE67729D08EC100D91113 /* AssignedSlotViewModel.swift in Sources */ = {isa = PBXBuildFile; fileRef = A75DE67629D08EC100D91113 /* AssignedSlotViewModel.swift */; };
		A762E94F29C74E7000B23915 /* Mobile_project_iOSApp.swift in Sources */ = {isa = PBXBuildFile; fileRef = A762E94E29C74E7000B23915 /* Mobile_project_iOSApp.swift */; };
		A762E95129C74E7000B23915 /* MainView.swift in Sources */ = {isa = PBXBuildFile; fileRef = A762E95029C74E7000B23915 /* MainView.swift */; };
		A762E95329C74E7300B23915 /* Assets.xcassets in Resources */ = {isa = PBXBuildFile; fileRef = A762E95229C74E7300B23915 /* Assets.xcassets */; };
		A762E95629C74E7300B23915 /* Preview Assets.xcassets in Resources */ = {isa = PBXBuildFile; fileRef = A762E95529C74E7300B23915 /* Preview Assets.xcassets */; };
		A762E96729C7517D00B23915 /* DateFormatters.swift in Sources */ = {isa = PBXBuildFile; fileRef = A762E96329C7517D00B23915 /* DateFormatters.swift */; };
		A762E96829C7517D00B23915 /* StringTools.swift in Sources */ = {isa = PBXBuildFile; fileRef = A762E96429C7517D00B23915 /* StringTools.swift */; };
		A762E96929C7517D00B23915 /* ViewExtensions.swift in Sources */ = {isa = PBXBuildFile; fileRef = A762E96529C7517D00B23915 /* ViewExtensions.swift */; };
		A762E96A29C7517D00B23915 /* APITools.swift in Sources */ = {isa = PBXBuildFile; fileRef = A762E96629C7517D00B23915 /* APITools.swift */; };
		A762E96D29C751BC00B23915 /* AlertToast in Frameworks */ = {isa = PBXBuildFile; productRef = A762E96C29C751BC00B23915 /* AlertToast */; };
		A762E97029C751FA00B23915 /* GoogleSignIn in Frameworks */ = {isa = PBXBuildFile; productRef = A762E96F29C751FA00B23915 /* GoogleSignIn */; };
		A762E97229C751FA00B23915 /* GoogleSignInSwift in Frameworks */ = {isa = PBXBuildFile; productRef = A762E97129C751FA00B23915 /* GoogleSignInSwift */; };
		A762E97929C7541B00B23915 /* AppDelegate.swift in Sources */ = {isa = PBXBuildFile; fileRef = A762E97829C7541B00B23915 /* AppDelegate.swift */; };
		A762E98029C7556C00B23915 /* README.md in Resources */ = {isa = PBXBuildFile; fileRef = A762E97C29C7556B00B23915 /* README.md */; };
		A762E98129C7556C00B23915 /* linecount.md in Resources */ = {isa = PBXBuildFile; fileRef = A762E97D29C7556B00B23915 /* linecount.md */; };
		A762E98229C7556C00B23915 /* .gitignore in Resources */ = {isa = PBXBuildFile; fileRef = A762E97E29C7556C00B23915 /* .gitignore */; };
		A762E98329C7556C00B23915 /* linecount.sh in Resources */ = {isa = PBXBuildFile; fileRef = A762E97F29C7556C00B23915 /* linecount.sh */; };
		A762E98829C758CD00B23915 /* GoogleService-Info.plist in Resources */ = {isa = PBXBuildFile; fileRef = A762E98629C758CD00B23915 /* GoogleService-Info.plist */; };
		A762E98929C758CD00B23915 /* env.swift in Sources */ = {isa = PBXBuildFile; fileRef = A762E98729C758CD00B23915 /* env.swift */; };
		A762E99329C7598200B23915 /* AuthView.swift in Sources */ = {isa = PBXBuildFile; fileRef = A762E98D29C7598100B23915 /* AuthView.swift */; };
		A762E99429C7598200B23915 /* LoginView.swift in Sources */ = {isa = PBXBuildFile; fileRef = A762E98E29C7598100B23915 /* LoginView.swift */; };
		A762E99529C7598200B23915 /* ProfileView.swift in Sources */ = {isa = PBXBuildFile; fileRef = A762E98F29C7598100B23915 /* ProfileView.swift */; };
		A762E99629C7598200B23915 /* ResetPasswordView.swift in Sources */ = {isa = PBXBuildFile; fileRef = A762E99029C7598100B23915 /* ResetPasswordView.swift */; };
		A762E99729C7598200B23915 /* SignupView.swift in Sources */ = {isa = PBXBuildFile; fileRef = A762E99129C7598200B23915 /* SignupView.swift */; };
		A762E99829C7598200B23915 /* EmailCheckView.swift in Sources */ = {isa = PBXBuildFile; fileRef = A762E99229C7598200B23915 /* EmailCheckView.swift */; };
		A762E99C29C759E300B23915 /* GoogleButton.swift in Sources */ = {isa = PBXBuildFile; fileRef = A762E99929C759E200B23915 /* GoogleButton.swift */; };
		A762E99D29C759E300B23915 /* CustomButton.swift in Sources */ = {isa = PBXBuildFile; fileRef = A762E99A29C759E200B23915 /* CustomButton.swift */; };
		A762E99E29C759E300B23915 /* PasswordToggle.swift in Sources */ = {isa = PBXBuildFile; fileRef = A762E99B29C759E300B23915 /* PasswordToggle.swift */; };
		A762E9A129C75A2500B23915 /* LoggedInView.swift in Sources */ = {isa = PBXBuildFile; fileRef = A762E99F29C75A2400B23915 /* LoggedInView.swift */; };
		A762E9A229C75A2500B23915 /* CustomEmptyView.swift in Sources */ = {isa = PBXBuildFile; fileRef = A762E9A029C75A2400B23915 /* CustomEmptyView.swift */; };
		A762E9A529C75BFC00B23915 /* FirebaseAuth in Frameworks */ = {isa = PBXBuildFile; productRef = A762E9A429C75BFC00B23915 /* FirebaseAuth */; };
		A762E9A729C75BFC00B23915 /* FirebaseAuthCombine-Community in Frameworks */ = {isa = PBXBuildFile; productRef = A762E9A629C75BFC00B23915 /* FirebaseAuthCombine-Community */; };
		A7DF658C29CC4890006237AD /* FestivalUpdateNameView.swift in Sources */ = {isa = PBXBuildFile; fileRef = A7DF658B29CC4890006237AD /* FestivalUpdateNameView.swift */; };
		A7DF658F29CC6065006237AD /* AddZoneView.swift in Sources */ = {isa = PBXBuildFile; fileRef = A7DF658E29CC6065006237AD /* AddZoneView.swift */; };
		A7DF659329CC651D006237AD /* FestivalIntent.swift in Sources */ = {isa = PBXBuildFile; fileRef = A7DF659229CC651D006237AD /* FestivalIntent.swift */; };
		A7DF659529CC6570006237AD /* ZoneIntent.swift in Sources */ = {isa = PBXBuildFile; fileRef = A7DF659429CC6570006237AD /* ZoneIntent.swift */; };
		A7DF659729CC9B0E006237AD /* ZonesListView.swift in Sources */ = {isa = PBXBuildFile; fileRef = A7DF659629CC9B0E006237AD /* ZonesListView.swift */; };
		A7DF659929CCAB39006237AD /* UpdateZoneView.swift in Sources */ = {isa = PBXBuildFile; fileRef = A7DF659829CCAB39006237AD /* UpdateZoneView.swift */; };
		A7DF659B29CCB421006237AD /* LoadingView.swift in Sources */ = {isa = PBXBuildFile; fileRef = A7DF659A29CCB420006237AD /* LoadingView.swift */; };
		A7DF659E29CCBC6B006237AD /* DaysListView.swift in Sources */ = {isa = PBXBuildFile; fileRef = A7DF659D29CCBC6B006237AD /* DaysListView.swift */; };
		A7DF65A329CCBCEA006237AD /* DaysListViewModel.swift in Sources */ = {isa = PBXBuildFile; fileRef = A7DF65A229CCBCEA006237AD /* DaysListViewModel.swift */; };
		A7DF65A529CCBD18006237AD /* DayViewModel.swift in Sources */ = {isa = PBXBuildFile; fileRef = A7DF65A429CCBD18006237AD /* DayViewModel.swift */; };
		A7DF65A829CCBEB0006237AD /* DaysListIntent.swift in Sources */ = {isa = PBXBuildFile; fileRef = A7DF65A729CCBEB0006237AD /* DaysListIntent.swift */; };
		A7DF65AA29CCC028006237AD /* DayIntent.swift in Sources */ = {isa = PBXBuildFile; fileRef = A7DF65A929CCC028006237AD /* DayIntent.swift */; };
		A7F0E77729C7B4EE006BC332 /* APIResult.swift in Sources */ = {isa = PBXBuildFile; fileRef = A7F0E77629C7B4EE006BC332 /* APIResult.swift */; };
		A7F0E77B29C7C622006BC332 /* AdminHomeView.swift in Sources */ = {isa = PBXBuildFile; fileRef = A7F0E77A29C7C622006BC332 /* AdminHomeView.swift */; };
		A7F0E77D29C7C630006BC332 /* VolunteerHomeView.swift in Sources */ = {isa = PBXBuildFile; fileRef = A7F0E77C29C7C630006BC332 /* VolunteerHomeView.swift */; };
		B712A4ED29CDDBD9005D4D5E /* UpdateInformationsView.swift in Sources */ = {isa = PBXBuildFile; fileRef = B712A4EC29CDDBD9005D4D5E /* UpdateInformationsView.swift */; };
		B7618B1829C996E600522551 /* OtherFestivalsListView.swift in Sources */ = {isa = PBXBuildFile; fileRef = B7618B1729C996E600522551 /* OtherFestivalsListView.swift */; };
		B7618B1E29C9980700522551 /* FestivalsListIntent.swift in Sources */ = {isa = PBXBuildFile; fileRef = B7618B1D29C9980700522551 /* FestivalsListIntent.swift */; };
		B7618B2029C99AE700522551 /* FestivalViewModel.swift in Sources */ = {isa = PBXBuildFile; fileRef = B7618B1F29C99AE700522551 /* FestivalViewModel.swift */; };
		B7618B2229C99BA200522551 /* FestivalsListViewModel.swift in Sources */ = {isa = PBXBuildFile; fileRef = B7618B2129C99BA200522551 /* FestivalsListViewModel.swift */; };
		B7618B2429C99C5200522551 /* FestivalDTO.swift in Sources */ = {isa = PBXBuildFile; fileRef = B7618B2329C99C5200522551 /* FestivalDTO.swift */; };
		B7618B2629C99EC500522551 /* ZoneDTO.swift in Sources */ = {isa = PBXBuildFile; fileRef = B7618B2529C99EC500522551 /* ZoneDTO.swift */; };
		B7618B2829C99FFE00522551 /* DayDTO.swift in Sources */ = {isa = PBXBuildFile; fileRef = B7618B2729C99FFE00522551 /* DayDTO.swift */; };
		B7618B2A29C9A18F00522551 /* SlotDTO.swift in Sources */ = {isa = PBXBuildFile; fileRef = B7618B2929C9A18F00522551 /* SlotDTO.swift */; };
/* End PBXBuildFile section */

/* Begin PBXFileReference section */
		A70612D329CD9E9500DAC658 /* AddDayView.swift */ = {isa = PBXFileReference; lastKnownFileType = sourcecode.swift; path = AddDayView.swift; sourceTree = "<group>"; };
		A70612D529CDE34300DAC658 /* EmptyArrayPlaceholder.swift */ = {isa = PBXFileReference; lastKnownFileType = sourcecode.swift; path = EmptyArrayPlaceholder.swift; sourceTree = "<group>"; };
		A70612D829CE0B3C00DAC658 /* MyFestivalView.swift */ = {isa = PBXFileReference; lastKnownFileType = sourcecode.swift; path = MyFestivalView.swift; sourceTree = "<group>"; };
		A70612DA29CE0C7F00DAC658 /* ChooseFestivalView.swift */ = {isa = PBXFileReference; lastKnownFileType = sourcecode.swift; path = ChooseFestivalView.swift; sourceTree = "<group>"; };
		A708337C29C99E11002C4CFE /* VolunteersListView.swift */ = {isa = PBXFileReference; lastKnownFileType = sourcecode.swift; path = VolunteersListView.swift; sourceTree = "<group>"; };
		A708337E29C99E2E002C4CFE /* VolunteerDetailView.swift */ = {isa = PBXFileReference; lastKnownFileType = sourcecode.swift; path = VolunteerDetailView.swift; sourceTree = "<group>"; };
		A708338129C99E7A002C4CFE /* VolunteerListViewModel.swift */ = {isa = PBXFileReference; lastKnownFileType = sourcecode.swift; path = VolunteerListViewModel.swift; sourceTree = "<group>"; };
		A708338329C99E90002C4CFE /* VolunteerViewModel.swift */ = {isa = PBXFileReference; lastKnownFileType = sourcecode.swift; path = VolunteerViewModel.swift; sourceTree = "<group>"; };
		A708338629C9A140002C4CFE /* VolunteerListIntent.swift */ = {isa = PBXFileReference; lastKnownFileType = sourcecode.swift; path = VolunteerListIntent.swift; sourceTree = "<group>"; };
		A71608E929CCC55C0045B122 /* DayDetailView.swift */ = {isa = PBXFileReference; lastKnownFileType = sourcecode.swift; path = DayDetailView.swift; sourceTree = "<group>"; };
		A71608EB29CCCAAB0045B122 /* UpdateDayView.swift */ = {isa = PBXFileReference; lastKnownFileType = sourcecode.swift; path = UpdateDayView.swift; sourceTree = "<group>"; };
		A723AF8629CB23A900EEAD5D /* VolunteerIntent.swift */ = {isa = PBXFileReference; lastKnownFileType = sourcecode.swift; path = VolunteerIntent.swift; sourceTree = "<group>"; };
		A723AF9029CB663C00EEAD5D /* AvailableSlotsListView.swift */ = {isa = PBXFileReference; lastKnownFileType = sourcecode.swift; path = AvailableSlotsListView.swift; sourceTree = "<group>"; };
		A723AF9329CB669100EEAD5D /* SlotsDetailedListIntent.swift */ = {isa = PBXFileReference; lastKnownFileType = sourcecode.swift; path = SlotsDetailedListIntent.swift; sourceTree = "<group>"; };
		A723AF9629CB7D4400EEAD5D /* ZonesListViewModel.swift */ = {isa = PBXFileReference; fileEncoding = 4; lastKnownFileType = sourcecode.swift; path = ZonesListViewModel.swift; sourceTree = "<group>"; };
		A723AF9729CB7D4400EEAD5D /* ZoneViewModel.swift */ = {isa = PBXFileReference; fileEncoding = 4; lastKnownFileType = sourcecode.swift; path = ZoneViewModel.swift; sourceTree = "<group>"; };
		A723AF9B29CB7F0100EEAD5D /* ZonesListIntent.swift */ = {isa = PBXFileReference; fileEncoding = 4; lastKnownFileType = sourcecode.swift; path = ZonesListIntent.swift; sourceTree = "<group>"; };
		A723AF9E29CBA3A000EEAD5D /* FestivalAddView.swift */ = {isa = PBXFileReference; fileEncoding = 4; lastKnownFileType = sourcecode.swift; path = FestivalAddView.swift; sourceTree = "<group>"; };
		A723AF9F29CBA3A000EEAD5D /* FestivalDetailView.swift */ = {isa = PBXFileReference; fileEncoding = 4; lastKnownFileType = sourcecode.swift; path = FestivalDetailView.swift; sourceTree = "<group>"; };
		A723AFA029CBA3A000EEAD5D /* FestivalsListView.swift */ = {isa = PBXFileReference; fileEncoding = 4; lastKnownFileType = sourcecode.swift; path = FestivalsListView.swift; sourceTree = "<group>"; };
		A73ACFDB29CF5A070010B1E4 /* MyFestivalDaysListView.swift */ = {isa = PBXFileReference; lastKnownFileType = sourcecode.swift; path = MyFestivalDaysListView.swift; sourceTree = "<group>"; };
		A73ACFDF29CF5A2B0010B1E4 /* MyFestivalZonesListView.swift */ = {isa = PBXFileReference; lastKnownFileType = sourcecode.swift; path = MyFestivalZonesListView.swift; sourceTree = "<group>"; };
		A73ACFE229CF62630010B1E4 /* MyActivityView.swift */ = {isa = PBXFileReference; lastKnownFileType = sourcecode.swift; path = MyActivityView.swift; sourceTree = "<group>"; };
		A73ACFE629CF65B30010B1E4 /* MyAssignmentsListView.swift */ = {isa = PBXFileReference; lastKnownFileType = sourcecode.swift; path = MyAssignmentsListView.swift; sourceTree = "<group>"; };
		A73ACFE829CF68580010B1E4 /* SlotDetailedViewModel.swift */ = {isa = PBXFileReference; fileEncoding = 4; lastKnownFileType = sourcecode.swift; path = SlotDetailedViewModel.swift; sourceTree = "<group>"; };
		A73ACFE929CF68580010B1E4 /* SlotsDetailedListViewModel.swift */ = {isa = PBXFileReference; fileEncoding = 4; lastKnownFileType = sourcecode.swift; path = SlotsDetailedListViewModel.swift; sourceTree = "<group>"; };
		A752AB6929C776B200CF4E38 /* Info.plist */ = {isa = PBXFileReference; lastKnownFileType = text.plist; path = Info.plist; sourceTree = "<group>"; };
		A752AB6A29C77D3C00CF4E38 /* VolunteerDTO.swift */ = {isa = PBXFileReference; fileEncoding = 4; lastKnownFileType = sourcecode.swift; path = VolunteerDTO.swift; sourceTree = "<group>"; };
		A752AB6F29C7893200CF4E38 /* APIErrors.swift */ = {isa = PBXFileReference; fileEncoding = 4; lastKnownFileType = sourcecode.swift; path = APIErrors.swift; sourceTree = "<group>"; };
		A752AB7029C7893200CF4E38 /* SortOptions.swift */ = {isa = PBXFileReference; fileEncoding = 4; lastKnownFileType = sourcecode.swift; path = SortOptions.swift; sourceTree = "<group>"; };
		A752AB7129C7893300CF4E38 /* APIStates.swift */ = {isa = PBXFileReference; fileEncoding = 4; lastKnownFileType = sourcecode.swift; path = APIStates.swift; sourceTree = "<group>"; };
		A75DE66629CF6FC200D91113 /* MyAvailabilitiesListView.swift */ = {isa = PBXFileReference; lastKnownFileType = sourcecode.swift; path = MyAvailabilitiesListView.swift; sourceTree = "<group>"; };
		A75DE66829CF712B00D91113 /* AddAvailabilityView.swift */ = {isa = PBXFileReference; lastKnownFileType = sourcecode.swift; path = AddAvailabilityView.swift; sourceTree = "<group>"; };
		A75DE66C29D038EB00D91113 /* SlotsListViewModel.swift */ = {isa = PBXFileReference; lastKnownFileType = sourcecode.swift; path = SlotsListViewModel.swift; sourceTree = "<group>"; };
		A75DE66E29D0390300D91113 /* SlotViewModel.swift */ = {isa = PBXFileReference; lastKnownFileType = sourcecode.swift; path = SlotViewModel.swift; sourceTree = "<group>"; };
		A75DE67029D03A9000D91113 /* SlotListIntent.swift */ = {isa = PBXFileReference; lastKnownFileType = sourcecode.swift; path = SlotListIntent.swift; sourceTree = "<group>"; };
		A75DE67229D07C0000D91113 /* AssignmentDetailView.swift */ = {isa = PBXFileReference; lastKnownFileType = sourcecode.swift; path = AssignmentDetailView.swift; sourceTree = "<group>"; };
		A75DE67429D08E1400D91113 /* SlotIntent.swift */ = {isa = PBXFileReference; lastKnownFileType = sourcecode.swift; path = SlotIntent.swift; sourceTree = "<group>"; };
		A75DE67629D08EC100D91113 /* AssignedSlotViewModel.swift */ = {isa = PBXFileReference; lastKnownFileType = sourcecode.swift; path = AssignedSlotViewModel.swift; sourceTree = "<group>"; };
		A762E94B29C74E7000B23915 /* Mobile-project-iOS.app */ = {isa = PBXFileReference; explicitFileType = wrapper.application; includeInIndex = 0; path = "Mobile-project-iOS.app"; sourceTree = BUILT_PRODUCTS_DIR; };
		A762E94E29C74E7000B23915 /* Mobile_project_iOSApp.swift */ = {isa = PBXFileReference; lastKnownFileType = sourcecode.swift; path = Mobile_project_iOSApp.swift; sourceTree = "<group>"; };
		A762E95029C74E7000B23915 /* MainView.swift */ = {isa = PBXFileReference; lastKnownFileType = sourcecode.swift; path = MainView.swift; sourceTree = "<group>"; };
		A762E95229C74E7300B23915 /* Assets.xcassets */ = {isa = PBXFileReference; lastKnownFileType = folder.assetcatalog; path = Assets.xcassets; sourceTree = "<group>"; };
		A762E95529C74E7300B23915 /* Preview Assets.xcassets */ = {isa = PBXFileReference; lastKnownFileType = folder.assetcatalog; path = "Preview Assets.xcassets"; sourceTree = "<group>"; };
		A762E96329C7517D00B23915 /* DateFormatters.swift */ = {isa = PBXFileReference; fileEncoding = 4; lastKnownFileType = sourcecode.swift; path = DateFormatters.swift; sourceTree = "<group>"; };
		A762E96429C7517D00B23915 /* StringTools.swift */ = {isa = PBXFileReference; fileEncoding = 4; lastKnownFileType = sourcecode.swift; path = StringTools.swift; sourceTree = "<group>"; };
		A762E96529C7517D00B23915 /* ViewExtensions.swift */ = {isa = PBXFileReference; fileEncoding = 4; lastKnownFileType = sourcecode.swift; path = ViewExtensions.swift; sourceTree = "<group>"; };
		A762E96629C7517D00B23915 /* APITools.swift */ = {isa = PBXFileReference; fileEncoding = 4; lastKnownFileType = sourcecode.swift; path = APITools.swift; sourceTree = "<group>"; };
		A762E97829C7541B00B23915 /* AppDelegate.swift */ = {isa = PBXFileReference; lastKnownFileType = sourcecode.swift; path = AppDelegate.swift; sourceTree = "<group>"; };
		A762E97C29C7556B00B23915 /* README.md */ = {isa = PBXFileReference; fileEncoding = 4; lastKnownFileType = net.daringfireball.markdown; path = README.md; sourceTree = "<group>"; };
		A762E97D29C7556B00B23915 /* linecount.md */ = {isa = PBXFileReference; fileEncoding = 4; lastKnownFileType = net.daringfireball.markdown; path = linecount.md; sourceTree = "<group>"; };
		A762E97E29C7556C00B23915 /* .gitignore */ = {isa = PBXFileReference; fileEncoding = 4; lastKnownFileType = text; path = .gitignore; sourceTree = "<group>"; };
		A762E97F29C7556C00B23915 /* linecount.sh */ = {isa = PBXFileReference; fileEncoding = 4; lastKnownFileType = text.script.sh; path = linecount.sh; sourceTree = "<group>"; };
		A762E98629C758CD00B23915 /* GoogleService-Info.plist */ = {isa = PBXFileReference; fileEncoding = 4; lastKnownFileType = text.plist.xml; path = "GoogleService-Info.plist"; sourceTree = "<group>"; };
		A762E98729C758CD00B23915 /* env.swift */ = {isa = PBXFileReference; fileEncoding = 4; lastKnownFileType = sourcecode.swift; path = env.swift; sourceTree = "<group>"; };
		A762E98D29C7598100B23915 /* AuthView.swift */ = {isa = PBXFileReference; fileEncoding = 4; lastKnownFileType = sourcecode.swift; path = AuthView.swift; sourceTree = "<group>"; };
		A762E98E29C7598100B23915 /* LoginView.swift */ = {isa = PBXFileReference; fileEncoding = 4; lastKnownFileType = sourcecode.swift; path = LoginView.swift; sourceTree = "<group>"; };
		A762E98F29C7598100B23915 /* ProfileView.swift */ = {isa = PBXFileReference; fileEncoding = 4; lastKnownFileType = sourcecode.swift; path = ProfileView.swift; sourceTree = "<group>"; };
		A762E99029C7598100B23915 /* ResetPasswordView.swift */ = {isa = PBXFileReference; fileEncoding = 4; lastKnownFileType = sourcecode.swift; path = ResetPasswordView.swift; sourceTree = "<group>"; };
		A762E99129C7598200B23915 /* SignupView.swift */ = {isa = PBXFileReference; fileEncoding = 4; lastKnownFileType = sourcecode.swift; path = SignupView.swift; sourceTree = "<group>"; };
		A762E99229C7598200B23915 /* EmailCheckView.swift */ = {isa = PBXFileReference; fileEncoding = 4; lastKnownFileType = sourcecode.swift; path = EmailCheckView.swift; sourceTree = "<group>"; };
		A762E99929C759E200B23915 /* GoogleButton.swift */ = {isa = PBXFileReference; fileEncoding = 4; lastKnownFileType = sourcecode.swift; path = GoogleButton.swift; sourceTree = "<group>"; };
		A762E99A29C759E200B23915 /* CustomButton.swift */ = {isa = PBXFileReference; fileEncoding = 4; lastKnownFileType = sourcecode.swift; path = CustomButton.swift; sourceTree = "<group>"; };
		A762E99B29C759E300B23915 /* PasswordToggle.swift */ = {isa = PBXFileReference; fileEncoding = 4; lastKnownFileType = sourcecode.swift; path = PasswordToggle.swift; sourceTree = "<group>"; };
		A762E99F29C75A2400B23915 /* LoggedInView.swift */ = {isa = PBXFileReference; fileEncoding = 4; lastKnownFileType = sourcecode.swift; path = LoggedInView.swift; sourceTree = "<group>"; };
		A762E9A029C75A2400B23915 /* CustomEmptyView.swift */ = {isa = PBXFileReference; fileEncoding = 4; lastKnownFileType = sourcecode.swift; path = CustomEmptyView.swift; sourceTree = "<group>"; };
		A7DF658B29CC4890006237AD /* FestivalUpdateNameView.swift */ = {isa = PBXFileReference; lastKnownFileType = sourcecode.swift; path = FestivalUpdateNameView.swift; sourceTree = "<group>"; };
		A7DF658E29CC6065006237AD /* AddZoneView.swift */ = {isa = PBXFileReference; lastKnownFileType = sourcecode.swift; path = AddZoneView.swift; sourceTree = "<group>"; };
		A7DF659229CC651D006237AD /* FestivalIntent.swift */ = {isa = PBXFileReference; lastKnownFileType = sourcecode.swift; path = FestivalIntent.swift; sourceTree = "<group>"; };
		A7DF659429CC6570006237AD /* ZoneIntent.swift */ = {isa = PBXFileReference; lastKnownFileType = sourcecode.swift; path = ZoneIntent.swift; sourceTree = "<group>"; };
		A7DF659629CC9B0E006237AD /* ZonesListView.swift */ = {isa = PBXFileReference; lastKnownFileType = sourcecode.swift; path = ZonesListView.swift; sourceTree = "<group>"; };
		A7DF659829CCAB39006237AD /* UpdateZoneView.swift */ = {isa = PBXFileReference; lastKnownFileType = sourcecode.swift; path = UpdateZoneView.swift; sourceTree = "<group>"; };
		A7DF659A29CCB420006237AD /* LoadingView.swift */ = {isa = PBXFileReference; lastKnownFileType = sourcecode.swift; path = LoadingView.swift; sourceTree = "<group>"; };
		A7DF659D29CCBC6B006237AD /* DaysListView.swift */ = {isa = PBXFileReference; lastKnownFileType = sourcecode.swift; path = DaysListView.swift; sourceTree = "<group>"; };
		A7DF65A229CCBCEA006237AD /* DaysListViewModel.swift */ = {isa = PBXFileReference; lastKnownFileType = sourcecode.swift; path = DaysListViewModel.swift; sourceTree = "<group>"; };
		A7DF65A429CCBD18006237AD /* DayViewModel.swift */ = {isa = PBXFileReference; lastKnownFileType = sourcecode.swift; path = DayViewModel.swift; sourceTree = "<group>"; };
		A7DF65A729CCBEB0006237AD /* DaysListIntent.swift */ = {isa = PBXFileReference; lastKnownFileType = sourcecode.swift; path = DaysListIntent.swift; sourceTree = "<group>"; };
		A7DF65A929CCC028006237AD /* DayIntent.swift */ = {isa = PBXFileReference; lastKnownFileType = sourcecode.swift; path = DayIntent.swift; sourceTree = "<group>"; };
		A7F0E77629C7B4EE006BC332 /* APIResult.swift */ = {isa = PBXFileReference; lastKnownFileType = sourcecode.swift; path = APIResult.swift; sourceTree = "<group>"; };
		A7F0E77A29C7C622006BC332 /* AdminHomeView.swift */ = {isa = PBXFileReference; lastKnownFileType = sourcecode.swift; path = AdminHomeView.swift; sourceTree = "<group>"; };
		A7F0E77C29C7C630006BC332 /* VolunteerHomeView.swift */ = {isa = PBXFileReference; lastKnownFileType = sourcecode.swift; path = VolunteerHomeView.swift; sourceTree = "<group>"; };
		B712A4EC29CDDBD9005D4D5E /* UpdateInformationsView.swift */ = {isa = PBXFileReference; lastKnownFileType = sourcecode.swift; path = UpdateInformationsView.swift; sourceTree = "<group>"; };
		B7618B1729C996E600522551 /* OtherFestivalsListView.swift */ = {isa = PBXFileReference; lastKnownFileType = sourcecode.swift; path = OtherFestivalsListView.swift; sourceTree = "<group>"; };
		B7618B1D29C9980700522551 /* FestivalsListIntent.swift */ = {isa = PBXFileReference; lastKnownFileType = sourcecode.swift; path = FestivalsListIntent.swift; sourceTree = "<group>"; };
		B7618B1F29C99AE700522551 /* FestivalViewModel.swift */ = {isa = PBXFileReference; lastKnownFileType = sourcecode.swift; path = FestivalViewModel.swift; sourceTree = "<group>"; };
		B7618B2129C99BA200522551 /* FestivalsListViewModel.swift */ = {isa = PBXFileReference; lastKnownFileType = sourcecode.swift; path = FestivalsListViewModel.swift; sourceTree = "<group>"; };
		B7618B2329C99C5200522551 /* FestivalDTO.swift */ = {isa = PBXFileReference; lastKnownFileType = sourcecode.swift; path = FestivalDTO.swift; sourceTree = "<group>"; };
		B7618B2529C99EC500522551 /* ZoneDTO.swift */ = {isa = PBXFileReference; lastKnownFileType = sourcecode.swift; path = ZoneDTO.swift; sourceTree = "<group>"; };
		B7618B2729C99FFE00522551 /* DayDTO.swift */ = {isa = PBXFileReference; lastKnownFileType = sourcecode.swift; path = DayDTO.swift; sourceTree = "<group>"; };
		B7618B2929C9A18F00522551 /* SlotDTO.swift */ = {isa = PBXFileReference; lastKnownFileType = sourcecode.swift; path = SlotDTO.swift; sourceTree = "<group>"; };
/* End PBXFileReference section */

/* Begin PBXFrameworksBuildPhase section */
		A762E94829C74E7000B23915 /* Frameworks */ = {
			isa = PBXFrameworksBuildPhase;
			buildActionMask = 2147483647;
			files = (
				A762E97229C751FA00B23915 /* GoogleSignInSwift in Frameworks */,
				A762E96D29C751BC00B23915 /* AlertToast in Frameworks */,
				A762E97029C751FA00B23915 /* GoogleSignIn in Frameworks */,
				A762E9A529C75BFC00B23915 /* FirebaseAuth in Frameworks */,
				A762E9A729C75BFC00B23915 /* FirebaseAuthCombine-Community in Frameworks */,
			);
			runOnlyForDeploymentPostprocessing = 0;
		};
/* End PBXFrameworksBuildPhase section */

/* Begin PBXGroup section */
		A70612D729CE0B1500DAC658 /* MyFestival */ = {
			isa = PBXGroup;
			children = (
				A70612D829CE0B3C00DAC658 /* MyFestivalView.swift */,
				A73ACFDB29CF5A070010B1E4 /* MyFestivalDaysListView.swift */,
				A73ACFDF29CF5A2B0010B1E4 /* MyFestivalZonesListView.swift */,
			);
			path = MyFestival;
			sourceTree = "<group>";
		};
		A708337A29C99654002C4CFE /* Common */ = {
			isa = PBXGroup;
			children = (
				A762E98F29C7598100B23915 /* ProfileView.swift */,
				B712A4EC29CDDBD9005D4D5E /* UpdateInformationsView.swift */,
				A70612DA29CE0C7F00DAC658 /* ChooseFestivalView.swift */,
			);
			path = Common;
			sourceTree = "<group>";
		};
		A708337B29C99C0E002C4CFE /* Volunteers */ = {
			isa = PBXGroup;
			children = (
				A723AF8F29CB661800EEAD5D /* AvailableSlots */,
				A708337C29C99E11002C4CFE /* VolunteersListView.swift */,
				A708337E29C99E2E002C4CFE /* VolunteerDetailView.swift */,
			);
			path = Volunteers;
			sourceTree = "<group>";
		};
		A708338029C99E66002C4CFE /* Volunteer */ = {
			isa = PBXGroup;
			children = (
				A708338129C99E7A002C4CFE /* VolunteerListViewModel.swift */,
				A708338329C99E90002C4CFE /* VolunteerViewModel.swift */,
			);
			path = Volunteer;
			sourceTree = "<group>";
		};
		A708338529C9A0FE002C4CFE /* Volunteer */ = {
			isa = PBXGroup;
			children = (
				A708338629C9A140002C4CFE /* VolunteerListIntent.swift */,
				A723AF8629CB23A900EEAD5D /* VolunteerIntent.swift */,
			);
			path = Volunteer;
			sourceTree = "<group>";
		};
		A723AF8E29CB65A700EEAD5D /* Slots */ = {
			isa = PBXGroup;
			children = (
				A73ACFE929CF68580010B1E4 /* SlotsDetailedListViewModel.swift */,
				A73ACFE829CF68580010B1E4 /* SlotDetailedViewModel.swift */,
				A75DE66C29D038EB00D91113 /* SlotsListViewModel.swift */,
				A75DE66E29D0390300D91113 /* SlotViewModel.swift */,
				A75DE67629D08EC100D91113 /* AssignedSlotViewModel.swift */,
			);
			path = Slots;
			sourceTree = "<group>";
		};
		A723AF8F29CB661800EEAD5D /* AvailableSlots */ = {
			isa = PBXGroup;
			children = (
				A723AF9029CB663C00EEAD5D /* AvailableSlotsListView.swift */,
			);
			path = AvailableSlots;
			sourceTree = "<group>";
		};
		A723AF9229CB667300EEAD5D /* Slots */ = {
			isa = PBXGroup;
			children = (
				A723AF9329CB669100EEAD5D /* SlotsDetailedListIntent.swift */,
				A75DE67029D03A9000D91113 /* SlotListIntent.swift */,
				A75DE67429D08E1400D91113 /* SlotIntent.swift */,
			);
			path = Slots;
			sourceTree = "<group>";
		};
		A723AF9529CB7CFD00EEAD5D /* Zones */ = {
			isa = PBXGroup;
			children = (
				A723AF9629CB7D4400EEAD5D /* ZonesListViewModel.swift */,
				A723AF9729CB7D4400EEAD5D /* ZoneViewModel.swift */,
			);
			path = Zones;
			sourceTree = "<group>";
		};
		A723AF9A29CB7EEC00EEAD5D /* Zones */ = {
			isa = PBXGroup;
			children = (
				A723AF9B29CB7F0100EEAD5D /* ZonesListIntent.swift */,
				A7DF659429CC6570006237AD /* ZoneIntent.swift */,
			);
			path = Zones;
			sourceTree = "<group>";
		};
		A723AF9D29CBA36C00EEAD5D /* Festivals */ = {
			isa = PBXGroup;
			children = (
				A7DF659C29CCBC4A006237AD /* Days */,
				A7DF658D29CC603D006237AD /* Zones */,
				A723AF9E29CBA3A000EEAD5D /* FestivalAddView.swift */,
				A723AF9F29CBA3A000EEAD5D /* FestivalDetailView.swift */,
				A723AFA029CBA3A000EEAD5D /* FestivalsListView.swift */,
				A7DF658B29CC4890006237AD /* FestivalUpdateNameView.swift */,
			);
			path = Festivals;
			sourceTree = "<group>";
		};
		A723AFA429CBA45E00EEAD5D /* Festivals */ = {
			isa = PBXGroup;
			children = (
				B7618B1D29C9980700522551 /* FestivalsListIntent.swift */,
				A7DF659229CC651D006237AD /* FestivalIntent.swift */,
			);
			path = Festivals;
			sourceTree = "<group>";
		};
		A73ACFE129CF62100010B1E4 /* MyActivity */ = {
			isa = PBXGroup;
			children = (
				A73ACFE529CF65480010B1E4 /* MyAvailabilities */,
				A73ACFE429CF65320010B1E4 /* MyAssignments */,
				A73ACFE229CF62630010B1E4 /* MyActivityView.swift */,
			);
			path = MyActivity;
			sourceTree = "<group>";
		};
		A73ACFE429CF65320010B1E4 /* MyAssignments */ = {
			isa = PBXGroup;
			children = (
				A73ACFE629CF65B30010B1E4 /* MyAssignmentsListView.swift */,
				A75DE67229D07C0000D91113 /* AssignmentDetailView.swift */,
			);
			path = MyAssignments;
			sourceTree = "<group>";
		};
		A73ACFE529CF65480010B1E4 /* MyAvailabilities */ = {
			isa = PBXGroup;
			children = (
				A75DE66629CF6FC200D91113 /* MyAvailabilitiesListView.swift */,
				A75DE66829CF712B00D91113 /* AddAvailabilityView.swift */,
			);
			path = MyAvailabilities;
			sourceTree = "<group>";
		};
		A762E94229C74E7000B23915 = {
			isa = PBXGroup;
			children = (
				A762E97E29C7556C00B23915 /* .gitignore */,
				A762E97D29C7556B00B23915 /* linecount.md */,
				A762E97F29C7556C00B23915 /* linecount.sh */,
				A762E97C29C7556B00B23915 /* README.md */,
				A762E94D29C74E7000B23915 /* Mobile-project-iOS */,
				A762E94C29C74E7000B23915 /* Products */,
			);
			sourceTree = "<group>";
		};
		A762E94C29C74E7000B23915 /* Products */ = {
			isa = PBXGroup;
			children = (
				A762E94B29C74E7000B23915 /* Mobile-project-iOS.app */,
			);
			name = Products;
			sourceTree = "<group>";
		};
		A762E94D29C74E7000B23915 /* Mobile-project-iOS */ = {
			isa = PBXGroup;
			children = (
				A752AB6929C776B200CF4E38 /* Info.plist */,
				A762E95229C74E7300B23915 /* Assets.xcassets */,
				A762E98629C758CD00B23915 /* GoogleService-Info.plist */,
				A762E98729C758CD00B23915 /* env.swift */,
				A762E94E29C74E7000B23915 /* Mobile_project_iOSApp.swift */,
				A762E97829C7541B00B23915 /* AppDelegate.swift */,
				A762E96029C7512500B23915 /* Components */,
				A762E95F29C7510D00B23915 /* DTOs */,
				A762E96229C7514400B23915 /* Enums */,
				A762E95E29C7510600B23915 /* Intents */,
				A762E95429C74E7300B23915 /* Preview Content */,
				A762E96129C7513000B23915 /* Tools */,
				A762E95D29C750EB00B23915 /* ViewModels */,
				A762E95C29C750DE00B23915 /* Views */,
			);
			path = "Mobile-project-iOS";
			sourceTree = "<group>";
		};
		A762E95429C74E7300B23915 /* Preview Content */ = {
			isa = PBXGroup;
			children = (
				A762E95529C74E7300B23915 /* Preview Assets.xcassets */,
			);
			path = "Preview Content";
			sourceTree = "<group>";
		};
		A762E95C29C750DE00B23915 /* Views */ = {
			isa = PBXGroup;
			children = (
				A7F0E77829C7C5F6006BC332 /* Admin */,
				A762E98C29C7595600B23915 /* Auth */,
				A708337A29C99654002C4CFE /* Common */,
				A7F0E77929C7C5FC006BC332 /* Volunteer */,
				A762E95029C74E7000B23915 /* MainView.swift */,
				A762E9A029C75A2400B23915 /* CustomEmptyView.swift */,
				A762E99F29C75A2400B23915 /* LoggedInView.swift */,
			);
			path = Views;
			sourceTree = "<group>";
		};
		A762E95D29C750EB00B23915 /* ViewModels */ = {
			isa = PBXGroup;
			children = (
				A7DF65A129CCBCD1006237AD /* Days */,
				A723AF9529CB7CFD00EEAD5D /* Zones */,
				A723AF8E29CB65A700EEAD5D /* Slots */,
				A708338029C99E66002C4CFE /* Volunteer */,
				B7618B1A29C9976500522551 /* Festivals */,
			);
			path = ViewModels;
			sourceTree = "<group>";
		};
		A762E95E29C7510600B23915 /* Intents */ = {
			isa = PBXGroup;
			children = (
				A7DF65A629CCBEA0006237AD /* Days */,
				A723AFA429CBA45E00EEAD5D /* Festivals */,
				A723AF9A29CB7EEC00EEAD5D /* Zones */,
				A723AF9229CB667300EEAD5D /* Slots */,
				A708338529C9A0FE002C4CFE /* Volunteer */,
			);
			path = Intents;
			sourceTree = "<group>";
		};
		A762E95F29C7510D00B23915 /* DTOs */ = {
			isa = PBXGroup;
			children = (
				A752AB6A29C77D3C00CF4E38 /* VolunteerDTO.swift */,
				B7618B2329C99C5200522551 /* FestivalDTO.swift */,
				B7618B2529C99EC500522551 /* ZoneDTO.swift */,
				B7618B2729C99FFE00522551 /* DayDTO.swift */,
				B7618B2929C9A18F00522551 /* SlotDTO.swift */,
			);
			path = DTOs;
			sourceTree = "<group>";
		};
		A762E96029C7512500B23915 /* Components */ = {
			isa = PBXGroup;
			children = (
				A762E99A29C759E200B23915 /* CustomButton.swift */,
				A762E99929C759E200B23915 /* GoogleButton.swift */,
				A762E99B29C759E300B23915 /* PasswordToggle.swift */,
				A7DF659A29CCB420006237AD /* LoadingView.swift */,
				A70612D529CDE34300DAC658 /* EmptyArrayPlaceholder.swift */,
			);
			path = Components;
			sourceTree = "<group>";
		};
		A762E96129C7513000B23915 /* Tools */ = {
			isa = PBXGroup;
			children = (
				A762E96629C7517D00B23915 /* APITools.swift */,
				A762E96329C7517D00B23915 /* DateFormatters.swift */,
				A762E96429C7517D00B23915 /* StringTools.swift */,
				A762E96529C7517D00B23915 /* ViewExtensions.swift */,
			);
			path = Tools;
			sourceTree = "<group>";
		};
		A762E96229C7514400B23915 /* Enums */ = {
			isa = PBXGroup;
			children = (
				A752AB6F29C7893200CF4E38 /* APIErrors.swift */,
				A752AB7129C7893300CF4E38 /* APIStates.swift */,
				A752AB7029C7893200CF4E38 /* SortOptions.swift */,
				A7F0E77629C7B4EE006BC332 /* APIResult.swift */,
			);
			path = Enums;
			sourceTree = "<group>";
		};
		A762E98C29C7595600B23915 /* Auth */ = {
			isa = PBXGroup;
			children = (
				A762E98D29C7598100B23915 /* AuthView.swift */,
				A762E99229C7598200B23915 /* EmailCheckView.swift */,
				A762E98E29C7598100B23915 /* LoginView.swift */,
				A762E99029C7598100B23915 /* ResetPasswordView.swift */,
				A762E99129C7598200B23915 /* SignupView.swift */,
			);
			path = Auth;
			sourceTree = "<group>";
		};
		A7DF658D29CC603D006237AD /* Zones */ = {
			isa = PBXGroup;
			children = (
				A7DF658E29CC6065006237AD /* AddZoneView.swift */,
				A7DF659629CC9B0E006237AD /* ZonesListView.swift */,
				A7DF659829CCAB39006237AD /* UpdateZoneView.swift */,
			);
			path = Zones;
			sourceTree = "<group>";
		};
		A7DF659C29CCBC4A006237AD /* Days */ = {
			isa = PBXGroup;
			children = (
				A7DF659D29CCBC6B006237AD /* DaysListView.swift */,
				A71608E929CCC55C0045B122 /* DayDetailView.swift */,
				A71608EB29CCCAAB0045B122 /* UpdateDayView.swift */,
				A70612D329CD9E9500DAC658 /* AddDayView.swift */,
			);
			path = Days;
			sourceTree = "<group>";
		};
		A7DF65A129CCBCD1006237AD /* Days */ = {
			isa = PBXGroup;
			children = (
				A7DF65A229CCBCEA006237AD /* DaysListViewModel.swift */,
				A7DF65A429CCBD18006237AD /* DayViewModel.swift */,
			);
			path = Days;
			sourceTree = "<group>";
		};
		A7DF65A629CCBEA0006237AD /* Days */ = {
			isa = PBXGroup;
			children = (
				A7DF65A729CCBEB0006237AD /* DaysListIntent.swift */,
				A7DF65A929CCC028006237AD /* DayIntent.swift */,
			);
			path = Days;
			sourceTree = "<group>";
		};
		A7F0E77829C7C5F6006BC332 /* Admin */ = {
			isa = PBXGroup;
			children = (
				A723AF9D29CBA36C00EEAD5D /* Festivals */,
				A708337B29C99C0E002C4CFE /* Volunteers */,
				A7F0E77A29C7C622006BC332 /* AdminHomeView.swift */,
			);
			path = Admin;
			sourceTree = "<group>";
		};
		A7F0E77929C7C5FC006BC332 /* Volunteer */ = {
			isa = PBXGroup;
			children = (
				A73ACFE129CF62100010B1E4 /* MyActivity */,
				A70612D729CE0B1500DAC658 /* MyFestival */,
				B7618B1629C996B300522551 /* OthersFestivals */,
				A7F0E77C29C7C630006BC332 /* VolunteerHomeView.swift */,
			);
			path = Volunteer;
			sourceTree = "<group>";
		};
		B7618B1629C996B300522551 /* OthersFestivals */ = {
			isa = PBXGroup;
			children = (
				B7618B1729C996E600522551 /* OtherFestivalsListView.swift */,
			);
			path = OthersFestivals;
			sourceTree = "<group>";
		};
		B7618B1A29C9976500522551 /* Festivals */ = {
			isa = PBXGroup;
			children = (
				B7618B1F29C99AE700522551 /* FestivalViewModel.swift */,
				B7618B2129C99BA200522551 /* FestivalsListViewModel.swift */,
			);
			path = Festivals;
			sourceTree = "<group>";
		};
/* End PBXGroup section */

/* Begin PBXNativeTarget section */
		A762E94A29C74E7000B23915 /* Mobile-project-iOS */ = {
			isa = PBXNativeTarget;
			buildConfigurationList = A762E95929C74E7300B23915 /* Build configuration list for PBXNativeTarget "Mobile-project-iOS" */;
			buildPhases = (
				A762E94729C74E7000B23915 /* Sources */,
				A762E94829C74E7000B23915 /* Frameworks */,
				A762E94929C74E7000B23915 /* Resources */,
			);
			buildRules = (
			);
			dependencies = (
			);
			name = "Mobile-project-iOS";
			packageProductDependencies = (
				A762E96C29C751BC00B23915 /* AlertToast */,
				A762E96F29C751FA00B23915 /* GoogleSignIn */,
				A762E97129C751FA00B23915 /* GoogleSignInSwift */,
				A762E9A429C75BFC00B23915 /* FirebaseAuth */,
				A762E9A629C75BFC00B23915 /* FirebaseAuthCombine-Community */,
			);
			productName = "mobile-project-iOS";
			productReference = A762E94B29C74E7000B23915 /* Mobile-project-iOS.app */;
			productType = "com.apple.product-type.application";
		};
/* End PBXNativeTarget section */

/* Begin PBXProject section */
		A762E94329C74E7000B23915 /* Project object */ = {
			isa = PBXProject;
			attributes = {
				BuildIndependentTargetsInParallel = 1;
				LastSwiftUpdateCheck = 1420;
				LastUpgradeCheck = 1420;
				TargetAttributes = {
					A762E94A29C74E7000B23915 = {
						CreatedOnToolsVersion = 14.2;
					};
				};
			};
			buildConfigurationList = A762E94629C74E7000B23915 /* Build configuration list for PBXProject "Mobile-project-iOS" */;
			compatibilityVersion = "Xcode 14.0";
			developmentRegion = en;
			hasScannedForEncodings = 0;
			knownRegions = (
				en,
				Base,
			);
			mainGroup = A762E94229C74E7000B23915;
			packageReferences = (
				A762E96B29C751BC00B23915 /* XCRemoteSwiftPackageReference "AlertToast" */,
				A762E96E29C751FA00B23915 /* XCRemoteSwiftPackageReference "GoogleSignIn-iOS" */,
				A762E9A329C75BFC00B23915 /* XCRemoteSwiftPackageReference "firebase-ios-sdk" */,
			);
			productRefGroup = A762E94C29C74E7000B23915 /* Products */;
			projectDirPath = "";
			projectRoot = "";
			targets = (
				A762E94A29C74E7000B23915 /* Mobile-project-iOS */,
			);
		};
/* End PBXProject section */

/* Begin PBXResourcesBuildPhase section */
		A762E94929C74E7000B23915 /* Resources */ = {
			isa = PBXResourcesBuildPhase;
			buildActionMask = 2147483647;
			files = (
				A762E98129C7556C00B23915 /* linecount.md in Resources */,
				A762E95629C74E7300B23915 /* Preview Assets.xcassets in Resources */,
				A762E95329C74E7300B23915 /* Assets.xcassets in Resources */,
				A762E98029C7556C00B23915 /* README.md in Resources */,
				A762E98229C7556C00B23915 /* .gitignore in Resources */,
				A762E98329C7556C00B23915 /* linecount.sh in Resources */,
				A762E98829C758CD00B23915 /* GoogleService-Info.plist in Resources */,
			);
			runOnlyForDeploymentPostprocessing = 0;
		};
/* End PBXResourcesBuildPhase section */

/* Begin PBXSourcesBuildPhase section */
		A762E94729C74E7000B23915 /* Sources */ = {
			isa = PBXSourcesBuildPhase;
			buildActionMask = 2147483647;
			files = (
				A708337F29C99E2E002C4CFE /* VolunteerDetailView.swift in Sources */,
				A723AF9429CB669100EEAD5D /* SlotsDetailedListIntent.swift in Sources */,
				A708338729C9A140002C4CFE /* VolunteerListIntent.swift in Sources */,
				A7DF659529CC6570006237AD /* ZoneIntent.swift in Sources */,
				A7DF65A329CCBCEA006237AD /* DaysListViewModel.swift in Sources */,
				A723AFA129CBA3A000EEAD5D /* FestivalAddView.swift in Sources */,
				A762E96829C7517D00B23915 /* StringTools.swift in Sources */,
				A75DE67329D07C0000D91113 /* AssignmentDetailView.swift in Sources */,
				A75DE66929CF712B00D91113 /* AddAvailabilityView.swift in Sources */,
				A708338229C99E7A002C4CFE /* VolunteerListViewModel.swift in Sources */,
				A708338429C99E90002C4CFE /* VolunteerViewModel.swift in Sources */,
				A71608EA29CCC55C0045B122 /* DayDetailView.swift in Sources */,
				A762E96729C7517D00B23915 /* DateFormatters.swift in Sources */,
				A762E95129C74E7000B23915 /* MainView.swift in Sources */,
				A75DE66729CF6FC200D91113 /* MyAvailabilitiesListView.swift in Sources */,
				A70612D429CD9E9500DAC658 /* AddDayView.swift in Sources */,
				A7DF65A829CCBEB0006237AD /* DaysListIntent.swift in Sources */,
				A7DF658F29CC6065006237AD /* AddZoneView.swift in Sources */,
				A70612D629CDE34300DAC658 /* EmptyArrayPlaceholder.swift in Sources */,
				A7F0E77729C7B4EE006BC332 /* APIResult.swift in Sources */,
				A7DF659329CC651D006237AD /* FestivalIntent.swift in Sources */,
				A7DF658C29CC4890006237AD /* FestivalUpdateNameView.swift in Sources */,
				A752AB7229C7893300CF4E38 /* APIErrors.swift in Sources */,
				B7618B2829C99FFE00522551 /* DayDTO.swift in Sources */,
				A762E99629C7598200B23915 /* ResetPasswordView.swift in Sources */,
				A723AF8729CB23A900EEAD5D /* VolunteerIntent.swift in Sources */,
				A752AB6B29C77D3C00CF4E38 /* VolunteerDTO.swift in Sources */,
				A7DF65AA29CCC028006237AD /* DayIntent.swift in Sources */,
				A7DF65A529CCBD18006237AD /* DayViewModel.swift in Sources */,
				A7DF659929CCAB39006237AD /* UpdateZoneView.swift in Sources */,
				A708337D29C99E11002C4CFE /* VolunteersListView.swift in Sources */,
				A762E99D29C759E300B23915 /* CustomButton.swift in Sources */,
				A73ACFE729CF65B30010B1E4 /* MyAssignmentsListView.swift in Sources */,
				A723AFA229CBA3A000EEAD5D /* FestivalDetailView.swift in Sources */,
				A70612D929CE0B3C00DAC658 /* MyFestivalView.swift in Sources */,
				A762E99E29C759E300B23915 /* PasswordToggle.swift in Sources */,
				A75DE67729D08EC100D91113 /* AssignedSlotViewModel.swift in Sources */,
				A7F0E77B29C7C622006BC332 /* AdminHomeView.swift in Sources */,
				A762E99C29C759E300B23915 /* GoogleButton.swift in Sources */,
				A762E9A229C75A2500B23915 /* CustomEmptyView.swift in Sources */,
				A73ACFDC29CF5A070010B1E4 /* MyFestivalDaysListView.swift in Sources */,
				A752AB7329C7893300CF4E38 /* SortOptions.swift in Sources */,
				A73ACFEB29CF68580010B1E4 /* SlotsDetailedListViewModel.swift in Sources */,
				B7618B2229C99BA200522551 /* FestivalsListViewModel.swift in Sources */,
				A75DE66D29D038EB00D91113 /* SlotsListViewModel.swift in Sources */,
				B7618B2629C99EC500522551 /* ZoneDTO.swift in Sources */,
				A73ACFE029CF5A2B0010B1E4 /* MyFestivalZonesListView.swift in Sources */,
				B7618B1829C996E600522551 /* OtherFestivalsListView.swift in Sources */,
				A75DE67529D08E1400D91113 /* SlotIntent.swift in Sources */,
				A7F0E77D29C7C630006BC332 /* VolunteerHomeView.swift in Sources */,
				A762E9A129C75A2500B23915 /* LoggedInView.swift in Sources */,
				A71608EC29CCCAAB0045B122 /* UpdateDayView.swift in Sources */,
				A7DF659E29CCBC6B006237AD /* DaysListView.swift in Sources */,
				A73ACFEA29CF68580010B1E4 /* SlotDetailedViewModel.swift in Sources */,
				A723AF9129CB663C00EEAD5D /* AvailableSlotsListView.swift in Sources */,
				A762E96929C7517D00B23915 /* ViewExtensions.swift in Sources */,
				A762E97929C7541B00B23915 /* AppDelegate.swift in Sources */,
				A762E99829C7598200B23915 /* EmailCheckView.swift in Sources */,
				A752AB7429C7893300CF4E38 /* APIStates.swift in Sources */,
				A723AF9929CB7D4400EEAD5D /* ZoneViewModel.swift in Sources */,
				B7618B2A29C9A18F00522551 /* SlotDTO.swift in Sources */,
				A762E98929C758CD00B23915 /* env.swift in Sources */,
				A7DF659729CC9B0E006237AD /* ZonesListView.swift in Sources */,
				B712A4ED29CDDBD9005D4D5E /* UpdateInformationsView.swift in Sources */,
				A75DE67129D03A9000D91113 /* SlotListIntent.swift in Sources */,
				A762E96A29C7517D00B23915 /* APITools.swift in Sources */,
				A723AFA329CBA3A000EEAD5D /* FestivalsListView.swift in Sources */,
				A762E94F29C74E7000B23915 /* Mobile_project_iOSApp.swift in Sources */,
				A70612DB29CE0C7F00DAC658 /* ChooseFestivalView.swift in Sources */,
				A723AF9C29CB7F0100EEAD5D /* ZonesListIntent.swift in Sources */,
				A762E99429C7598200B23915 /* LoginView.swift in Sources */,
				A762E99529C7598200B23915 /* ProfileView.swift in Sources */,
				A7DF659B29CCB421006237AD /* LoadingView.swift in Sources */,
				B7618B2029C99AE700522551 /* FestivalViewModel.swift in Sources */,
				B7618B2429C99C5200522551 /* FestivalDTO.swift in Sources */,
				A723AF9829CB7D4400EEAD5D /* ZonesListViewModel.swift in Sources */,
				A762E99729C7598200B23915 /* SignupView.swift in Sources */,
				A75DE66F29D0390300D91113 /* SlotViewModel.swift in Sources */,
				B7618B1E29C9980700522551 /* FestivalsListIntent.swift in Sources */,
				A73ACFE329CF62630010B1E4 /* MyActivityView.swift in Sources */,
				A762E99329C7598200B23915 /* AuthView.swift in Sources */,
			);
			runOnlyForDeploymentPostprocessing = 0;
		};
/* End PBXSourcesBuildPhase section */

/* Begin XCBuildConfiguration section */
		A762E95729C74E7300B23915 /* Debug */ = {
			isa = XCBuildConfiguration;
			buildSettings = {
				ALWAYS_SEARCH_USER_PATHS = NO;
				CLANG_ANALYZER_NONNULL = YES;
				CLANG_ANALYZER_NUMBER_OBJECT_CONVERSION = YES_AGGRESSIVE;
				CLANG_CXX_LANGUAGE_STANDARD = "gnu++20";
				CLANG_ENABLE_MODULES = YES;
				CLANG_ENABLE_OBJC_ARC = YES;
				CLANG_ENABLE_OBJC_WEAK = YES;
				CLANG_WARN_BLOCK_CAPTURE_AUTORELEASING = YES;
				CLANG_WARN_BOOL_CONVERSION = YES;
				CLANG_WARN_COMMA = YES;
				CLANG_WARN_CONSTANT_CONVERSION = YES;
				CLANG_WARN_DEPRECATED_OBJC_IMPLEMENTATIONS = YES;
				CLANG_WARN_DIRECT_OBJC_ISA_USAGE = YES_ERROR;
				CLANG_WARN_DOCUMENTATION_COMMENTS = YES;
				CLANG_WARN_EMPTY_BODY = YES;
				CLANG_WARN_ENUM_CONVERSION = YES;
				CLANG_WARN_INFINITE_RECURSION = YES;
				CLANG_WARN_INT_CONVERSION = YES;
				CLANG_WARN_NON_LITERAL_NULL_CONVERSION = YES;
				CLANG_WARN_OBJC_IMPLICIT_RETAIN_SELF = YES;
				CLANG_WARN_OBJC_LITERAL_CONVERSION = YES;
				CLANG_WARN_OBJC_ROOT_CLASS = YES_ERROR;
				CLANG_WARN_QUOTED_INCLUDE_IN_FRAMEWORK_HEADER = YES;
				CLANG_WARN_RANGE_LOOP_ANALYSIS = YES;
				CLANG_WARN_STRICT_PROTOTYPES = YES;
				CLANG_WARN_SUSPICIOUS_MOVE = YES;
				CLANG_WARN_UNGUARDED_AVAILABILITY = YES_AGGRESSIVE;
				CLANG_WARN_UNREACHABLE_CODE = YES;
				CLANG_WARN__DUPLICATE_METHOD_MATCH = YES;
				COPY_PHASE_STRIP = NO;
				DEBUG_INFORMATION_FORMAT = dwarf;
				ENABLE_STRICT_OBJC_MSGSEND = YES;
				ENABLE_TESTABILITY = YES;
				GCC_C_LANGUAGE_STANDARD = gnu11;
				GCC_DYNAMIC_NO_PIC = NO;
				GCC_NO_COMMON_BLOCKS = YES;
				GCC_OPTIMIZATION_LEVEL = 0;
				GCC_PREPROCESSOR_DEFINITIONS = (
					"DEBUG=1",
					"$(inherited)",
				);
				GCC_WARN_64_TO_32_BIT_CONVERSION = YES;
				GCC_WARN_ABOUT_RETURN_TYPE = YES_ERROR;
				GCC_WARN_UNDECLARED_SELECTOR = YES;
				GCC_WARN_UNINITIALIZED_AUTOS = YES_AGGRESSIVE;
				GCC_WARN_UNUSED_FUNCTION = YES;
				GCC_WARN_UNUSED_VARIABLE = YES;
				IPHONEOS_DEPLOYMENT_TARGET = 16.2;
				MTL_ENABLE_DEBUG_INFO = INCLUDE_SOURCE;
				MTL_FAST_MATH = YES;
				ONLY_ACTIVE_ARCH = YES;
				SDKROOT = iphoneos;
				SWIFT_ACTIVE_COMPILATION_CONDITIONS = DEBUG;
				SWIFT_OPTIMIZATION_LEVEL = "-Onone";
			};
			name = Debug;
		};
		A762E95829C74E7300B23915 /* Release */ = {
			isa = XCBuildConfiguration;
			buildSettings = {
				ALWAYS_SEARCH_USER_PATHS = NO;
				CLANG_ANALYZER_NONNULL = YES;
				CLANG_ANALYZER_NUMBER_OBJECT_CONVERSION = YES_AGGRESSIVE;
				CLANG_CXX_LANGUAGE_STANDARD = "gnu++20";
				CLANG_ENABLE_MODULES = YES;
				CLANG_ENABLE_OBJC_ARC = YES;
				CLANG_ENABLE_OBJC_WEAK = YES;
				CLANG_WARN_BLOCK_CAPTURE_AUTORELEASING = YES;
				CLANG_WARN_BOOL_CONVERSION = YES;
				CLANG_WARN_COMMA = YES;
				CLANG_WARN_CONSTANT_CONVERSION = YES;
				CLANG_WARN_DEPRECATED_OBJC_IMPLEMENTATIONS = YES;
				CLANG_WARN_DIRECT_OBJC_ISA_USAGE = YES_ERROR;
				CLANG_WARN_DOCUMENTATION_COMMENTS = YES;
				CLANG_WARN_EMPTY_BODY = YES;
				CLANG_WARN_ENUM_CONVERSION = YES;
				CLANG_WARN_INFINITE_RECURSION = YES;
				CLANG_WARN_INT_CONVERSION = YES;
				CLANG_WARN_NON_LITERAL_NULL_CONVERSION = YES;
				CLANG_WARN_OBJC_IMPLICIT_RETAIN_SELF = YES;
				CLANG_WARN_OBJC_LITERAL_CONVERSION = YES;
				CLANG_WARN_OBJC_ROOT_CLASS = YES_ERROR;
				CLANG_WARN_QUOTED_INCLUDE_IN_FRAMEWORK_HEADER = YES;
				CLANG_WARN_RANGE_LOOP_ANALYSIS = YES;
				CLANG_WARN_STRICT_PROTOTYPES = YES;
				CLANG_WARN_SUSPICIOUS_MOVE = YES;
				CLANG_WARN_UNGUARDED_AVAILABILITY = YES_AGGRESSIVE;
				CLANG_WARN_UNREACHABLE_CODE = YES;
				CLANG_WARN__DUPLICATE_METHOD_MATCH = YES;
				COPY_PHASE_STRIP = NO;
				DEBUG_INFORMATION_FORMAT = "dwarf-with-dsym";
				ENABLE_NS_ASSERTIONS = NO;
				ENABLE_STRICT_OBJC_MSGSEND = YES;
				GCC_C_LANGUAGE_STANDARD = gnu11;
				GCC_NO_COMMON_BLOCKS = YES;
				GCC_WARN_64_TO_32_BIT_CONVERSION = YES;
				GCC_WARN_ABOUT_RETURN_TYPE = YES_ERROR;
				GCC_WARN_UNDECLARED_SELECTOR = YES;
				GCC_WARN_UNINITIALIZED_AUTOS = YES_AGGRESSIVE;
				GCC_WARN_UNUSED_FUNCTION = YES;
				GCC_WARN_UNUSED_VARIABLE = YES;
				IPHONEOS_DEPLOYMENT_TARGET = 16.2;
				MTL_ENABLE_DEBUG_INFO = NO;
				MTL_FAST_MATH = YES;
				SDKROOT = iphoneos;
				SWIFT_COMPILATION_MODE = wholemodule;
				SWIFT_OPTIMIZATION_LEVEL = "-O";
				VALIDATE_PRODUCT = YES;
			};
			name = Release;
		};
		A762E95A29C74E7300B23915 /* Debug */ = {
			isa = XCBuildConfiguration;
			buildSettings = {
				ASSETCATALOG_COMPILER_APPICON_NAME = AppIcon;
				ASSETCATALOG_COMPILER_GLOBAL_ACCENT_COLOR_NAME = AccentColor;
				CODE_SIGN_STYLE = Automatic;
				CURRENT_PROJECT_VERSION = 1;
				DEVELOPMENT_ASSET_PATHS = "\"mobile-project-iOS/Preview Content\"";
				DEVELOPMENT_TEAM = YG79M39LQ2;
				ENABLE_PREVIEWS = YES;
				GENERATE_INFOPLIST_FILE = YES;
				INFOPLIST_FILE = "Mobile-project-iOS/Info.plist";
				INFOPLIST_KEY_CFBundleDisplayName = "Festival App";
				INFOPLIST_KEY_UIApplicationSceneManifest_Generation = YES;
				INFOPLIST_KEY_UIApplicationSupportsIndirectInputEvents = YES;
				INFOPLIST_KEY_UILaunchScreen_Generation = YES;
				INFOPLIST_KEY_UISupportedInterfaceOrientations_iPad = "UIInterfaceOrientationPortrait UIInterfaceOrientationPortraitUpsideDown UIInterfaceOrientationLandscapeLeft UIInterfaceOrientationLandscapeRight";
				INFOPLIST_KEY_UISupportedInterfaceOrientations_iPhone = "UIInterfaceOrientationPortrait UIInterfaceOrientationLandscapeLeft UIInterfaceOrientationLandscapeRight";
				IPHONEOS_DEPLOYMENT_TARGET = 16.0;
				LD_RUNPATH_SEARCH_PATHS = (
					"$(inherited)",
					"@executable_path/Frameworks",
				);
				MARKETING_VERSION = 1.0;
				PRODUCT_BUNDLE_IDENTIFIER = "polytech.frezier.hermet.mobile-project-iOS";
				PRODUCT_NAME = "$(TARGET_NAME)";
				SWIFT_EMIT_LOC_STRINGS = YES;
				SWIFT_VERSION = 5.0;
				TARGETED_DEVICE_FAMILY = "1,2";
			};
			name = Debug;
		};
		A762E95B29C74E7300B23915 /* Release */ = {
			isa = XCBuildConfiguration;
			buildSettings = {
				ASSETCATALOG_COMPILER_APPICON_NAME = AppIcon;
				ASSETCATALOG_COMPILER_GLOBAL_ACCENT_COLOR_NAME = AccentColor;
				CODE_SIGN_STYLE = Automatic;
				CURRENT_PROJECT_VERSION = 1;
				DEVELOPMENT_ASSET_PATHS = "\"mobile-project-iOS/Preview Content\"";
				DEVELOPMENT_TEAM = YG79M39LQ2;
				ENABLE_PREVIEWS = YES;
				GENERATE_INFOPLIST_FILE = YES;
				INFOPLIST_FILE = "Mobile-project-iOS/Info.plist";
				INFOPLIST_KEY_CFBundleDisplayName = "Festival App";
				INFOPLIST_KEY_UIApplicationSceneManifest_Generation = YES;
				INFOPLIST_KEY_UIApplicationSupportsIndirectInputEvents = YES;
				INFOPLIST_KEY_UILaunchScreen_Generation = YES;
				INFOPLIST_KEY_UISupportedInterfaceOrientations_iPad = "UIInterfaceOrientationPortrait UIInterfaceOrientationPortraitUpsideDown UIInterfaceOrientationLandscapeLeft UIInterfaceOrientationLandscapeRight";
				INFOPLIST_KEY_UISupportedInterfaceOrientations_iPhone = "UIInterfaceOrientationPortrait UIInterfaceOrientationLandscapeLeft UIInterfaceOrientationLandscapeRight";
				IPHONEOS_DEPLOYMENT_TARGET = 16.0;
				LD_RUNPATH_SEARCH_PATHS = (
					"$(inherited)",
					"@executable_path/Frameworks",
				);
				MARKETING_VERSION = 1.0;
				PRODUCT_BUNDLE_IDENTIFIER = "polytech.frezier.hermet.mobile-project-iOS";
				PRODUCT_NAME = "$(TARGET_NAME)";
				SWIFT_EMIT_LOC_STRINGS = YES;
				SWIFT_VERSION = 5.0;
				TARGETED_DEVICE_FAMILY = "1,2";
			};
			name = Release;
		};
/* End XCBuildConfiguration section */

/* Begin XCConfigurationList section */
		A762E94629C74E7000B23915 /* Build configuration list for PBXProject "Mobile-project-iOS" */ = {
			isa = XCConfigurationList;
			buildConfigurations = (
				A762E95729C74E7300B23915 /* Debug */,
				A762E95829C74E7300B23915 /* Release */,
			);
			defaultConfigurationIsVisible = 0;
			defaultConfigurationName = Release;
		};
		A762E95929C74E7300B23915 /* Build configuration list for PBXNativeTarget "Mobile-project-iOS" */ = {
			isa = XCConfigurationList;
			buildConfigurations = (
				A762E95A29C74E7300B23915 /* Debug */,
				A762E95B29C74E7300B23915 /* Release */,
			);
			defaultConfigurationIsVisible = 0;
			defaultConfigurationName = Release;
		};
/* End XCConfigurationList section */

/* Begin XCRemoteSwiftPackageReference section */
		A762E96B29C751BC00B23915 /* XCRemoteSwiftPackageReference "AlertToast" */ = {
			isa = XCRemoteSwiftPackageReference;
			repositoryURL = "https://github.com/elai950/AlertToast.git";
			requirement = {
				kind = upToNextMajorVersion;
				minimumVersion = 1.0.0;
			};
		};
		A762E96E29C751FA00B23915 /* XCRemoteSwiftPackageReference "GoogleSignIn-iOS" */ = {
			isa = XCRemoteSwiftPackageReference;
			repositoryURL = "https://github.com/google/GoogleSignIn-iOS";
			requirement = {
				branch = main;
				kind = branch;
			};
		};
		A762E9A329C75BFC00B23915 /* XCRemoteSwiftPackageReference "firebase-ios-sdk" */ = {
			isa = XCRemoteSwiftPackageReference;
			repositoryURL = "https://github.com/firebase/firebase-ios-sdk";
			requirement = {
				branch = master;
				kind = branch;
			};
		};
/* End XCRemoteSwiftPackageReference section */

/* Begin XCSwiftPackageProductDependency section */
		A762E96C29C751BC00B23915 /* AlertToast */ = {
			isa = XCSwiftPackageProductDependency;
			package = A762E96B29C751BC00B23915 /* XCRemoteSwiftPackageReference "AlertToast" */;
			productName = AlertToast;
		};
		A762E96F29C751FA00B23915 /* GoogleSignIn */ = {
			isa = XCSwiftPackageProductDependency;
			package = A762E96E29C751FA00B23915 /* XCRemoteSwiftPackageReference "GoogleSignIn-iOS" */;
			productName = GoogleSignIn;
		};
		A762E97129C751FA00B23915 /* GoogleSignInSwift */ = {
			isa = XCSwiftPackageProductDependency;
			package = A762E96E29C751FA00B23915 /* XCRemoteSwiftPackageReference "GoogleSignIn-iOS" */;
			productName = GoogleSignInSwift;
		};
		A762E9A429C75BFC00B23915 /* FirebaseAuth */ = {
			isa = XCSwiftPackageProductDependency;
			package = A762E9A329C75BFC00B23915 /* XCRemoteSwiftPackageReference "firebase-ios-sdk" */;
			productName = FirebaseAuth;
		};
		A762E9A629C75BFC00B23915 /* FirebaseAuthCombine-Community */ = {
			isa = XCSwiftPackageProductDependency;
			package = A762E9A329C75BFC00B23915 /* XCRemoteSwiftPackageReference "firebase-ios-sdk" */;
			productName = "FirebaseAuthCombine-Community";
		};
/* End XCSwiftPackageProductDependency section */
	};
	rootObject = A762E94329C74E7000B23915 /* Project object */;
}
